// !$*UTF8*$!
{
	archiveVersion = 1;
	classes = {
	};
	objectVersion = 48;
	objects = {

/* Begin PBXBuildFile section */
		7B16C549207D0D780013D9B6 /* admin.cpp in Sources */ = {isa = PBXBuildFile; fileRef = 7BB61AE8207D0B0B009F8936 /* admin.cpp */; };
		7B16C54C207D0DA20013D9B6 /* libmuscle.a in Frameworks */ = {isa = PBXBuildFile; fileRef = 7B34A095207D066100A1B050 /* libmuscle.a */; };
		7B16C54D207D0DAF0013D9B6 /* CoreFoundation.framework in Frameworks */ = {isa = PBXBuildFile; fileRef = 7BB61AF2207D0C4F009F8936 /* CoreFoundation.framework */; };
		7B16C54E207D0DB50013D9B6 /* SystemConfiguration.framework in Frameworks */ = {isa = PBXBuildFile; fileRef = 7BB61AF4207D0C98009F8936 /* SystemConfiguration.framework */; };
		7BB2CFA2207D06EB0092DBBD /* XorProxyDataIO.h in Headers */ = {isa = PBXBuildFile; fileRef = 7BB2CF86207D06E90092DBBD /* XorProxyDataIO.h */; };
		7BB2CFA3207D06EB0092DBBD /* StdinDataIO.cpp in Sources */ = {isa = PBXBuildFile; fileRef = 7BB2CF87207D06E90092DBBD /* StdinDataIO.cpp */; };
		7BB2CFA4207D06EB0092DBBD /* FileDataIO.h in Headers */ = {isa = PBXBuildFile; fileRef = 7BB2CF88207D06E90092DBBD /* FileDataIO.h */; };
		7BB2CFA5207D06EB0092DBBD /* SeekableDataIO.h in Headers */ = {isa = PBXBuildFile; fileRef = 7BB2CF89207D06E90092DBBD /* SeekableDataIO.h */; };
		7BB2CFA6207D06EB0092DBBD /* MultiDataIO.cpp in Sources */ = {isa = PBXBuildFile; fileRef = 7BB2CF8A207D06E90092DBBD /* MultiDataIO.cpp */; };
		7BB2CFA7207D06EB0092DBBD /* SimulatedMulticastDataIO.cpp in Sources */ = {isa = PBXBuildFile; fileRef = 7BB2CF8B207D06E90092DBBD /* SimulatedMulticastDataIO.cpp */; };
		7BB2CFA8207D06EB0092DBBD /* StdinDataIO.h in Headers */ = {isa = PBXBuildFile; fileRef = 7BB2CF8C207D06E90092DBBD /* StdinDataIO.h */; };
		7BB2CFA9207D06EB0092DBBD /* ByteBufferDataIO.h in Headers */ = {isa = PBXBuildFile; fileRef = 7BB2CF8D207D06E90092DBBD /* ByteBufferDataIO.h */; };
		7BB2CFAA207D06EB0092DBBD /* RS232DataIO.cpp in Sources */ = {isa = PBXBuildFile; fileRef = 7BB2CF8E207D06E90092DBBD /* RS232DataIO.cpp */; };
		7BB2CFAB207D06EB0092DBBD /* FileDescriptorDataIO.h in Headers */ = {isa = PBXBuildFile; fileRef = 7BB2CF8F207D06E90092DBBD /* FileDescriptorDataIO.h */; };
		7BB2CFAC207D06EB0092DBBD /* ProxyDataIO.h in Headers */ = {isa = PBXBuildFile; fileRef = 7BB2CF90207D06E90092DBBD /* ProxyDataIO.h */; };
		7BB2CFAD207D06EB0092DBBD /* SSLSocketDataIO.cpp in Sources */ = {isa = PBXBuildFile; fileRef = 7BB2CF91207D06E90092DBBD /* SSLSocketDataIO.cpp */; };
		7BB2CFAE207D06EB0092DBBD /* UDPSocketDataIO.h in Headers */ = {isa = PBXBuildFile; fileRef = 7BB2CF92207D06E90092DBBD /* UDPSocketDataIO.h */; };
		7BB2CFAF207D06EB0092DBBD /* AsyncDataIO.h in Headers */ = {isa = PBXBuildFile; fileRef = 7BB2CF93207D06E90092DBBD /* AsyncDataIO.h */; };
		7BB2CFB0207D06EB0092DBBD /* ChildProcessDataIO.cpp in Sources */ = {isa = PBXBuildFile; fileRef = 7BB2CF94207D06E90092DBBD /* ChildProcessDataIO.cpp */; };
		7BB2CFB1207D06EB0092DBBD /* FileDescriptorDataIO.cpp in Sources */ = {isa = PBXBuildFile; fileRef = 7BB2CF95207D06E90092DBBD /* FileDescriptorDataIO.cpp */; };
		7BB2CFB2207D06EB0092DBBD /* MultiDataIO.h in Headers */ = {isa = PBXBuildFile; fileRef = 7BB2CF96207D06E90092DBBD /* MultiDataIO.h */; };
		7BB2CFB3207D06EB0092DBBD /* RS232DataIO.h in Headers */ = {isa = PBXBuildFile; fileRef = 7BB2CF97207D06EA0092DBBD /* RS232DataIO.h */; };
		7BB2CFB4207D06EB0092DBBD /* SSLSocketDataIO.h in Headers */ = {isa = PBXBuildFile; fileRef = 7BB2CF98207D06EA0092DBBD /* SSLSocketDataIO.h */; };
		7BB2CFB5207D06EB0092DBBD /* AsyncDataIO.cpp in Sources */ = {isa = PBXBuildFile; fileRef = 7BB2CF99207D06EA0092DBBD /* AsyncDataIO.cpp */; };
		7BB2CFB6207D06EB0092DBBD /* ChildProcessDataIO.h in Headers */ = {isa = PBXBuildFile; fileRef = 7BB2CF9A207D06EA0092DBBD /* ChildProcessDataIO.h */; };
		7BB2CFB7207D06EB0092DBBD /* PacketDataIO.h in Headers */ = {isa = PBXBuildFile; fileRef = 7BB2CF9B207D06EA0092DBBD /* PacketDataIO.h */; };
		7BB2CFB8207D06EB0092DBBD /* SimulatedMulticastDataIO.h in Headers */ = {isa = PBXBuildFile; fileRef = 7BB2CF9C207D06EA0092DBBD /* SimulatedMulticastDataIO.h */; };
		7BB2CFB9207D06EB0092DBBD /* PacketizedProxyDataIO.h in Headers */ = {isa = PBXBuildFile; fileRef = 7BB2CF9D207D06EA0092DBBD /* PacketizedProxyDataIO.h */; };
		7BB2CFBA207D06EB0092DBBD /* TCPSocketDataIO.h in Headers */ = {isa = PBXBuildFile; fileRef = 7BB2CF9E207D06EA0092DBBD /* TCPSocketDataIO.h */; };
		7BB2CFBB207D06EB0092DBBD /* DataIO.h in Headers */ = {isa = PBXBuildFile; fileRef = 7BB2CF9F207D06EA0092DBBD /* DataIO.h */; };
		7BB2CFBC207D06EB0092DBBD /* PacketizedProxyDataIO.cpp in Sources */ = {isa = PBXBuildFile; fileRef = 7BB2CFA0207D06EB0092DBBD /* PacketizedProxyDataIO.cpp */; };
		7BB2CFBD207D06EB0092DBBD /* NullDataIO.h in Headers */ = {isa = PBXBuildFile; fileRef = 7BB2CFA1207D06EB0092DBBD /* NullDataIO.h */; };
		7BB2CFCE207D07430092DBBD /* RawDataMessageIOGateway.h in Headers */ = {isa = PBXBuildFile; fileRef = 7BB2CFBF207D07420092DBBD /* RawDataMessageIOGateway.h */; };
		7BB2CFCF207D07430092DBBD /* PacketTunnelIOGateway.h in Headers */ = {isa = PBXBuildFile; fileRef = 7BB2CFC0207D07420092DBBD /* PacketTunnelIOGateway.h */; };
		7BB2CFD0207D07430092DBBD /* SLIPFramedDataMessageIOGateway.h in Headers */ = {isa = PBXBuildFile; fileRef = 7BB2CFC1207D07420092DBBD /* SLIPFramedDataMessageIOGateway.h */; };
		7BB2CFD1207D07430092DBBD /* AbstractMessageIOGateway.h in Headers */ = {isa = PBXBuildFile; fileRef = 7BB2CFC2207D07420092DBBD /* AbstractMessageIOGateway.h */; };
		7BB2CFD2207D07430092DBBD /* RawDataMessageIOGateway.cpp in Sources */ = {isa = PBXBuildFile; fileRef = 7BB2CFC3207D07420092DBBD /* RawDataMessageIOGateway.cpp */; };
		7BB2CFD3207D07430092DBBD /* PlainTextMessageIOGateway.h in Headers */ = {isa = PBXBuildFile; fileRef = 7BB2CFC4207D07420092DBBD /* PlainTextMessageIOGateway.h */; };
		7BB2CFD4207D07430092DBBD /* PacketTunnelIOGateway.cpp in Sources */ = {isa = PBXBuildFile; fileRef = 7BB2CFC5207D07420092DBBD /* PacketTunnelIOGateway.cpp */; };
		7BB2CFD5207D07430092DBBD /* MessageIOGateway.h in Headers */ = {isa = PBXBuildFile; fileRef = 7BB2CFC6207D07420092DBBD /* MessageIOGateway.h */; };
		7BB2CFD6207D07430092DBBD /* PlainTextMessageIOGateway.cpp in Sources */ = {isa = PBXBuildFile; fileRef = 7BB2CFC7207D07420092DBBD /* PlainTextMessageIOGateway.cpp */; };
		7BB2CFD7207D07430092DBBD /* SSLSocketAdapterGateway.cpp in Sources */ = {isa = PBXBuildFile; fileRef = 7BB2CFC8207D07430092DBBD /* SSLSocketAdapterGateway.cpp */; };
		7BB2CFD8207D07430092DBBD /* SSLSocketAdapterGateway.h in Headers */ = {isa = PBXBuildFile; fileRef = 7BB2CFC9207D07430092DBBD /* SSLSocketAdapterGateway.h */; };
		7BB2CFD9207D07430092DBBD /* AbstractMessageIOGateway.cpp in Sources */ = {isa = PBXBuildFile; fileRef = 7BB2CFCA207D07430092DBBD /* AbstractMessageIOGateway.cpp */; };
		7BB2CFDA207D07430092DBBD /* SLIPFramedDataMessageIOGateway.cpp in Sources */ = {isa = PBXBuildFile; fileRef = 7BB2CFCB207D07430092DBBD /* SLIPFramedDataMessageIOGateway.cpp */; };
		7BB2CFDB207D07430092DBBD /* SignalMessageIOGateway.h in Headers */ = {isa = PBXBuildFile; fileRef = 7BB2CFCC207D07430092DBBD /* SignalMessageIOGateway.h */; };
		7BB2CFDC207D07430092DBBD /* MessageIOGateway.cpp in Sources */ = {isa = PBXBuildFile; fileRef = 7BB2CFCD207D07430092DBBD /* MessageIOGateway.cpp */; };
		7BB2CFE1207D07700092DBBD /* MessageImpl.h in Headers */ = {isa = PBXBuildFile; fileRef = 7BB2CFDE207D07700092DBBD /* MessageImpl.h */; };
		7BB2CFE2207D07700092DBBD /* Message.h in Headers */ = {isa = PBXBuildFile; fileRef = 7BB2CFDF207D07700092DBBD /* Message.h */; };
		7BB2CFE3207D07700092DBBD /* Message.cpp in Sources */ = {isa = PBXBuildFile; fileRef = 7BB2CFE0207D07700092DBBD /* Message.cpp */; };
		7BB2CFF9207D07840092DBBD /* AbstractReflectSession.h in Headers */ = {isa = PBXBuildFile; fileRef = 7BB2CFE5207D07830092DBBD /* AbstractReflectSession.h */; };
		7BB2CFFA207D07840092DBBD /* AbstractReflectSession.cpp in Sources */ = {isa = PBXBuildFile; fileRef = 7BB2CFE6207D07830092DBBD /* AbstractReflectSession.cpp */; };
		7BB2CFFB207D07840092DBBD /* DataNode.cpp in Sources */ = {isa = PBXBuildFile; fileRef = 7BB2CFE7207D07830092DBBD /* DataNode.cpp */; };
		7BB2CFFC207D07840092DBBD /* DumbReflectSession.h in Headers */ = {isa = PBXBuildFile; fileRef = 7BB2CFE8207D07830092DBBD /* DumbReflectSession.h */; };
		7BB2CFFD207D07840092DBBD /* ReflectServer.h in Headers */ = {isa = PBXBuildFile; fileRef = 7BB2CFE9207D07830092DBBD /* ReflectServer.h */; };
		7BB2CFFE207D07840092DBBD /* ServerComponent.cpp in Sources */ = {isa = PBXBuildFile; fileRef = 7BB2CFEA207D07830092DBBD /* ServerComponent.cpp */; };
		7BB2CFFF207D07840092DBBD /* DataNode.h in Headers */ = {isa = PBXBuildFile; fileRef = 7BB2CFEB207D07830092DBBD /* DataNode.h */; };
		7BB2D000207D07840092DBBD /* FilterSessionFactory.h in Headers */ = {isa = PBXBuildFile; fileRef = 7BB2CFEC207D07830092DBBD /* FilterSessionFactory.h */; };
		7BB2D001207D07840092DBBD /* RateLimitSessionIOPolicy.cpp in Sources */ = {isa = PBXBuildFile; fileRef = 7BB2CFED207D07830092DBBD /* RateLimitSessionIOPolicy.cpp */; };
		7BB2D002207D07840092DBBD /* ServerComponent.h in Headers */ = {isa = PBXBuildFile; fileRef = 7BB2CFEE207D07830092DBBD /* ServerComponent.h */; };
		7BB2D003207D07840092DBBD /* ReflectServer.cpp in Sources */ = {isa = PBXBuildFile; fileRef = 7BB2CFEF207D07830092DBBD /* ReflectServer.cpp */; };
		7BB2D004207D07840092DBBD /* SignalHandlerSession.h in Headers */ = {isa = PBXBuildFile; fileRef = 7BB2CFF0207D07830092DBBD /* SignalHandlerSession.h */; };
		7BB2D005207D07840092DBBD /* StorageReflectConstants.h in Headers */ = {isa = PBXBuildFile; fileRef = 7BB2CFF1207D07830092DBBD /* StorageReflectConstants.h */; };
		7BB2D006207D07840092DBBD /* RateLimitSessionIOPolicy.h in Headers */ = {isa = PBXBuildFile; fileRef = 7BB2CFF2207D07840092DBBD /* RateLimitSessionIOPolicy.h */; };
		7BB2D007207D07840092DBBD /* StorageReflectSession.cpp in Sources */ = {isa = PBXBuildFile; fileRef = 7BB2CFF3207D07840092DBBD /* StorageReflectSession.cpp */; };
		7BB2D008207D07840092DBBD /* AbstractSessionIOPolicy.h in Headers */ = {isa = PBXBuildFile; fileRef = 7BB2CFF4207D07840092DBBD /* AbstractSessionIOPolicy.h */; };
		7BB2D009207D07840092DBBD /* StorageReflectSession.h in Headers */ = {isa = PBXBuildFile; fileRef = 7BB2CFF5207D07840092DBBD /* StorageReflectSession.h */; };
		7BB2D00A207D07840092DBBD /* FilterSessionFactory.cpp in Sources */ = {isa = PBXBuildFile; fileRef = 7BB2CFF6207D07840092DBBD /* FilterSessionFactory.cpp */; };
		7BB2D00B207D07840092DBBD /* DumbReflectSession.cpp in Sources */ = {isa = PBXBuildFile; fileRef = 7BB2CFF7207D07840092DBBD /* DumbReflectSession.cpp */; };
		7BB2D00C207D07840092DBBD /* SignalHandlerSession.cpp in Sources */ = {isa = PBXBuildFile; fileRef = 7BB2CFF8207D07840092DBBD /* SignalHandlerSession.cpp */; };
		7BB2D018207D07A50092DBBD /* PathMatcher.h in Headers */ = {isa = PBXBuildFile; fileRef = 7BB2D00E207D07A40092DBBD /* PathMatcher.h */; };
		7BB2D019207D07A50092DBBD /* FilePathExpander.cpp in Sources */ = {isa = PBXBuildFile; fileRef = 7BB2D00F207D07A40092DBBD /* FilePathExpander.cpp */; };
		7BB2D01A207D07A50092DBBD /* QueryFilter.cpp in Sources */ = {isa = PBXBuildFile; fileRef = 7BB2D010207D07A40092DBBD /* QueryFilter.cpp */; };
		7BB2D01B207D07A50092DBBD /* PathMatcher.cpp in Sources */ = {isa = PBXBuildFile; fileRef = 7BB2D011207D07A50092DBBD /* PathMatcher.cpp */; };
		7BB2D01C207D07A50092DBBD /* SegmentedStringMatcher.h in Headers */ = {isa = PBXBuildFile; fileRef = 7BB2D012207D07A50092DBBD /* SegmentedStringMatcher.h */; };
		7BB2D01D207D07A50092DBBD /* FilePathExpander.h in Headers */ = {isa = PBXBuildFile; fileRef = 7BB2D013207D07A50092DBBD /* FilePathExpander.h */; };
		7BB2D01E207D07A50092DBBD /* SegmentedStringMatcher.cpp in Sources */ = {isa = PBXBuildFile; fileRef = 7BB2D014207D07A50092DBBD /* SegmentedStringMatcher.cpp */; };
		7BB2D01F207D07A50092DBBD /* StringMatcher.cpp in Sources */ = {isa = PBXBuildFile; fileRef = 7BB2D015207D07A50092DBBD /* StringMatcher.cpp */; };
		7BB2D020207D07A50092DBBD /* QueryFilter.h in Headers */ = {isa = PBXBuildFile; fileRef = 7BB2D016207D07A50092DBBD /* QueryFilter.h */; };
		7BB2D021207D07A50092DBBD /* StringMatcher.h in Headers */ = {isa = PBXBuildFile; fileRef = 7BB2D017207D07A50092DBBD /* StringMatcher.h */; };
		7BB2D026207D07C60092DBBD /* SysLog.cpp in Sources */ = {isa = PBXBuildFile; fileRef = 7BB2D023207D07C60092DBBD /* SysLog.cpp */; };
		7BB2D027207D07C60092DBBD /* LogCallback.h in Headers */ = {isa = PBXBuildFile; fileRef = 7BB2D024207D07C60092DBBD /* LogCallback.h */; };
		7BB2D028207D07C60092DBBD /* SysLog.h in Headers */ = {isa = PBXBuildFile; fileRef = 7BB2D025207D07C60092DBBD /* SysLog.h */; };
		7BB2D042207D07DD0092DBBD /* ThreadPool.cpp in Sources */ = {isa = PBXBuildFile; fileRef = 7BB2D02A207D07DB0092DBBD /* ThreadPool.cpp */; };
		7BB2D043207D07DD0092DBBD /* DetectNetworkConfigChangesSession.h in Headers */ = {isa = PBXBuildFile; fileRef = 7BB2D02B207D07DB0092DBBD /* DetectNetworkConfigChangesSession.h */; };
		7BB2D044207D07DD0092DBBD /* AtomicCounter.h in Headers */ = {isa = PBXBuildFile; fileRef = 7BB2D02C207D07DB0092DBBD /* AtomicCounter.h */; };
		7BB2D045207D07DD0092DBBD /* GlobalMemoryAllocator.cpp in Sources */ = {isa = PBXBuildFile; fileRef = 7BB2D02D207D07DB0092DBBD /* GlobalMemoryAllocator.cpp */; };
		7BB2D046207D07DD0092DBBD /* Mutex.h in Headers */ = {isa = PBXBuildFile; fileRef = 7BB2D02E207D07DB0092DBBD /* Mutex.h */; };
		7BB2D047207D07DD0092DBBD /* GlobalMemoryAllocator.h in Headers */ = {isa = PBXBuildFile; fileRef = 7BB2D02F207D07DB0092DBBD /* GlobalMemoryAllocator.h */; };
		7BB2D048207D07DD0092DBBD /* Thread.cpp in Sources */ = {isa = PBXBuildFile; fileRef = 7BB2D030207D07DB0092DBBD /* Thread.cpp */; };
		7BB2D049207D07DD0092DBBD /* SignalMultiplexer.cpp in Sources */ = {isa = PBXBuildFile; fileRef = 7BB2D031207D07DB0092DBBD /* SignalMultiplexer.cpp */; };
		7BB2D04A207D07DD0092DBBD /* MessageTransceiverThread.h in Headers */ = {isa = PBXBuildFile; fileRef = 7BB2D032207D07DC0092DBBD /* MessageTransceiverThread.h */; };
		7BB2D04B207D07DD0092DBBD /* SetupSystem.cpp in Sources */ = {isa = PBXBuildFile; fileRef = 7BB2D033207D07DC0092DBBD /* SetupSystem.cpp */; };
		7BB2D04C207D07DD0092DBBD /* SetupSystem.h in Headers */ = {isa = PBXBuildFile; fileRef = 7BB2D034207D07DC0092DBBD /* SetupSystem.h */; };
		7BB2D04D207D07DD0092DBBD /* SignalMultiplexer.h in Headers */ = {isa = PBXBuildFile; fileRef = 7BB2D035207D07DC0092DBBD /* SignalMultiplexer.h */; };
		7BB2D04E207D07DD0092DBBD /* SharedMemory.cpp in Sources */ = {isa = PBXBuildFile; fileRef = 7BB2D036207D07DC0092DBBD /* SharedMemory.cpp */; };
		7BB2D04F207D07DD0092DBBD /* INetworkConfigChangesTarget.h in Headers */ = {isa = PBXBuildFile; fileRef = 7BB2D037207D07DC0092DBBD /* INetworkConfigChangesTarget.h */; };
		7BB2D050207D07DD0092DBBD /* SharedMemory.h in Headers */ = {isa = PBXBuildFile; fileRef = 7BB2D038207D07DC0092DBBD /* SharedMemory.h */; };
		7BB2D051207D07DD0092DBBD /* SystemInfo.cpp in Sources */ = {isa = PBXBuildFile; fileRef = 7BB2D039207D07DC0092DBBD /* SystemInfo.cpp */; };
		7BB2D052207D07DD0092DBBD /* ThreadLocalStorage.h in Headers */ = {isa = PBXBuildFile; fileRef = 7BB2D03A207D07DC0092DBBD /* ThreadLocalStorage.h */; };
		7BB2D053207D07DD0092DBBD /* ThreadPool.h in Headers */ = {isa = PBXBuildFile; fileRef = 7BB2D03B207D07DC0092DBBD /* ThreadPool.h */; };
		7BB2D054207D07DD0092DBBD /* AcceptSocketsThread.cpp in Sources */ = {isa = PBXBuildFile; fileRef = 7BB2D03C207D07DC0092DBBD /* AcceptSocketsThread.cpp */; };
		7BB2D055207D07DD0092DBBD /* SystemInfo.h in Headers */ = {isa = PBXBuildFile; fileRef = 7BB2D03D207D07DD0092DBBD /* SystemInfo.h */; };
		7BB2D056207D07DD0092DBBD /* DetectNetworkConfigChangesSession.cpp in Sources */ = {isa = PBXBuildFile; fileRef = 7BB2D03E207D07DD0092DBBD /* DetectNetworkConfigChangesSession.cpp */; };
		7BB2D057207D07DD0092DBBD /* Thread.h in Headers */ = {isa = PBXBuildFile; fileRef = 7BB2D03F207D07DD0092DBBD /* Thread.h */; };
		7BB2D058207D07DD0092DBBD /* AcceptSocketsThread.h in Headers */ = {isa = PBXBuildFile; fileRef = 7BB2D040207D07DD0092DBBD /* AcceptSocketsThread.h */; };
		7BB2D059207D07DD0092DBBD /* MessageTransceiverThread.cpp in Sources */ = {isa = PBXBuildFile; fileRef = 7BB2D041207D07DD0092DBBD /* MessageTransceiverThread.cpp */; };
		7BB2D086207D080E0092DBBD /* BatchOperator.h in Headers */ = {isa = PBXBuildFile; fileRef = 7BB2D05B207D08070092DBBD /* BatchOperator.h */; };
		7BB2D087207D080E0092DBBD /* NestCount.h in Headers */ = {isa = PBXBuildFile; fileRef = 7BB2D05C207D08070092DBBD /* NestCount.h */; };
		7BB2D088207D080E0092DBBD /* SharedFilterSessionFactory.h in Headers */ = {isa = PBXBuildFile; fileRef = 7BB2D05D207D08070092DBBD /* SharedFilterSessionFactory.h */; };
		7BB2D089207D080E0092DBBD /* String.h in Headers */ = {isa = PBXBuildFile; fileRef = 7BB2D05E207D08080092DBBD /* String.h */; };
		7BB2D08A207D080E0092DBBD /* FlatCountable.h in Headers */ = {isa = PBXBuildFile; fileRef = 7BB2D05F207D08080092DBBD /* FlatCountable.h */; };
		7BB2D08B207D080E0092DBBD /* FilePathInfo.cpp in Sources */ = {isa = PBXBuildFile; fileRef = 7BB2D060207D08080092DBBD /* FilePathInfo.cpp */; };
		7BB2D08C207D080E0092DBBD /* Directory.cpp in Sources */ = {isa = PBXBuildFile; fileRef = 7BB2D061207D08080092DBBD /* Directory.cpp */; };
		7BB2D08D207D080E0092DBBD /* RefCount.h in Headers */ = {isa = PBXBuildFile; fileRef = 7BB2D062207D08080092DBBD /* RefCount.h */; };
		7BB2D08E207D080E0092DBBD /* CPULoadMeter.cpp in Sources */ = {isa = PBXBuildFile; fileRef = 7BB2D063207D08080092DBBD /* CPULoadMeter.cpp */; };
		7BB2D08F207D080E0092DBBD /* MemoryAllocator.h in Headers */ = {isa = PBXBuildFile; fileRef = 7BB2D064207D08080092DBBD /* MemoryAllocator.h */; };
		7BB2D090207D080E0092DBBD /* Queue.h in Headers */ = {isa = PBXBuildFile; fileRef = 7BB2D065207D08080092DBBD /* Queue.h */; };
		7BB2D091207D080E0092DBBD /* DebugTimer.h in Headers */ = {isa = PBXBuildFile; fileRef = 7BB2D066207D08080092DBBD /* DebugTimer.h */; };
		7BB2D092207D080E0092DBBD /* IHostNameResolver.h in Headers */ = {isa = PBXBuildFile; fileRef = 7BB2D067207D08080092DBBD /* IHostNameResolver.h */; };
		7BB2D093207D080E0092DBBD /* ObjectPool.h in Headers */ = {isa = PBXBuildFile; fileRef = 7BB2D068207D08080092DBBD /* ObjectPool.h */; };
		7BB2D094207D080E0092DBBD /* MiscUtilityFunctions.h in Headers */ = {isa = PBXBuildFile; fileRef = 7BB2D069207D08080092DBBD /* MiscUtilityFunctions.h */; };
		7BB2D095207D080E0092DBBD /* SharedFilterSessionFactory.cpp in Sources */ = {isa = PBXBuildFile; fileRef = 7BB2D06A207D08080092DBBD /* SharedFilterSessionFactory.cpp */; };
		7BB2D096207D080E0092DBBD /* SharedUsageLimitProxyMemoryAllocator.h in Headers */ = {isa = PBXBuildFile; fileRef = 7BB2D06B207D08090092DBBD /* SharedUsageLimitProxyMemoryAllocator.h */; };
		7BB2D097207D080E0092DBBD /* Cloneable.h in Headers */ = {isa = PBXBuildFile; fileRef = 7BB2D06C207D08090092DBBD /* Cloneable.h */; };
		7BB2D098207D080E0092DBBD /* Directory.h in Headers */ = {isa = PBXBuildFile; fileRef = 7BB2D06D207D08090092DBBD /* Directory.h */; };
		7BB2D099207D080E0092DBBD /* PulseNode.h in Headers */ = {isa = PBXBuildFile; fileRef = 7BB2D06E207D08090092DBBD /* PulseNode.h */; };
		7BB2D09A207D080E0092DBBD /* String.cpp in Sources */ = {isa = PBXBuildFile; fileRef = 7BB2D06F207D08090092DBBD /* String.cpp */; };
		7BB2D09B207D080E0092DBBD /* TimeUtilityFunctions.h in Headers */ = {isa = PBXBuildFile; fileRef = 7BB2D070207D08090092DBBD /* TimeUtilityFunctions.h */; };
		7BB2D09C207D080E0092DBBD /* ByteBuffer.h in Headers */ = {isa = PBXBuildFile; fileRef = 7BB2D071207D08090092DBBD /* ByteBuffer.h */; };
		7BB2D09D207D080E0092DBBD /* Hashtable.h in Headers */ = {isa = PBXBuildFile; fileRef = 7BB2D072207D08090092DBBD /* Hashtable.h */; };
		7BB2D09E207D080E0092DBBD /* SocketMultiplexer.h in Headers */ = {isa = PBXBuildFile; fileRef = 7BB2D073207D080A0092DBBD /* SocketMultiplexer.h */; };
		7BB2D09F207D080E0092DBBD /* MiscUtilityFunctions.cpp in Sources */ = {isa = PBXBuildFile; fileRef = 7BB2D074207D080A0092DBBD /* MiscUtilityFunctions.cpp */; };
		7BB2D0A0207D080E0092DBBD /* ByteBuffer.cpp in Sources */ = {isa = PBXBuildFile; fileRef = 7BB2D075207D080A0092DBBD /* ByteBuffer.cpp */; };
		7BB2D0A1207D080E0092DBBD /* CountedObject.h in Headers */ = {isa = PBXBuildFile; fileRef = 7BB2D076207D080A0092DBBD /* CountedObject.h */; };
		7BB2D0A2207D080E0092DBBD /* IPAddress.h in Headers */ = {isa = PBXBuildFile; fileRef = 7BB2D077207D080A0092DBBD /* IPAddress.h */; };
		7BB2D0A3207D080E0092DBBD /* NetworkInterfaceInfo.h in Headers */ = {isa = PBXBuildFile; fileRef = 7BB2D078207D080A0092DBBD /* NetworkInterfaceInfo.h */; };
		7BB2D0A4207D080E0092DBBD /* NetworkUtilityFunctions.cpp in Sources */ = {isa = PBXBuildFile; fileRef = 7BB2D079207D080B0092DBBD /* NetworkUtilityFunctions.cpp */; };
		7BB2D0A5207D080E0092DBBD /* SharedUsageLimitProxyMemoryAllocator.cpp in Sources */ = {isa = PBXBuildFile; fileRef = 7BB2D07A207D080B0092DBBD /* SharedUsageLimitProxyMemoryAllocator.cpp */; };
		7BB2D0A6207D080E0092DBBD /* Socket.h in Headers */ = {isa = PBXBuildFile; fileRef = 7BB2D07B207D080B0092DBBD /* Socket.h */; };
		7BB2D0A7207D080E0092DBBD /* StringTokenizer.h in Headers */ = {isa = PBXBuildFile; fileRef = 7BB2D07C207D080B0092DBBD /* StringTokenizer.h */; };
		7BB2D0A8207D080E0092DBBD /* NetworkUtilityFunctions.h in Headers */ = {isa = PBXBuildFile; fileRef = 7BB2D07D207D080C0092DBBD /* NetworkUtilityFunctions.h */; };
		7BB2D0A9207D080E0092DBBD /* MemoryAllocator.cpp in Sources */ = {isa = PBXBuildFile; fileRef = 7BB2D07E207D080C0092DBBD /* MemoryAllocator.cpp */; };
		7BB2D0AA207D080E0092DBBD /* PulseNode.cpp in Sources */ = {isa = PBXBuildFile; fileRef = 7BB2D07F207D080C0092DBBD /* PulseNode.cpp */; };
		7BB2D0AB207D080E0092DBBD /* FilePathInfo.h in Headers */ = {isa = PBXBuildFile; fileRef = 7BB2D080207D080C0092DBBD /* FilePathInfo.h */; };
		7BB2D0AC207D080E0092DBBD /* DemandConstructedObject.h in Headers */ = {isa = PBXBuildFile; fileRef = 7BB2D081207D080D0092DBBD /* DemandConstructedObject.h */; };
		7BB2D0AD207D080E0092DBBD /* PointerAndBool.h in Headers */ = {isa = PBXBuildFile; fileRef = 7BB2D082207D080D0092DBBD /* PointerAndBool.h */; };
		7BB2D0AE207D080E0092DBBD /* SocketMultiplexer.cpp in Sources */ = {isa = PBXBuildFile; fileRef = 7BB2D083207D080D0092DBBD /* SocketMultiplexer.cpp */; };
		7BB2D0AF207D080E0092DBBD /* CPULoadMeter.h in Headers */ = {isa = PBXBuildFile; fileRef = 7BB2D084207D080D0092DBBD /* CPULoadMeter.h */; };
		7BB2D0B0207D080E0092DBBD /* GenericCallback.h in Headers */ = {isa = PBXBuildFile; fileRef = 7BB2D085207D080E0092DBBD /* GenericCallback.h */; };
		7BB2D0BC207D08E60092DBBD /* PseudoFlattenable.h in Headers */ = {isa = PBXBuildFile; fileRef = 7BB2D0B2207D08E50092DBBD /* PseudoFlattenable.h */; };
		7BB2D0BD207D08E60092DBBD /* BitChord.h in Headers */ = {isa = PBXBuildFile; fileRef = 7BB2D0B3207D08E50092DBBD /* BitChord.h */; };
		7BB2D0BE207D08E60092DBBD /* Point.h in Headers */ = {isa = PBXBuildFile; fileRef = 7BB2D0B4207D08E50092DBBD /* Point.h */; };
		7BB2D0BF207D08E60092DBBD /* NotCopyable.h in Headers */ = {isa = PBXBuildFile; fileRef = 7BB2D0B5207D08E50092DBBD /* NotCopyable.h */; };
		7BB2D0C0207D08E60092DBBD /* Flattenable.h in Headers */ = {isa = PBXBuildFile; fileRef = 7BB2D0B6207D08E50092DBBD /* Flattenable.h */; };
		7BB2D0C1207D08E60092DBBD /* Tuple.h in Headers */ = {isa = PBXBuildFile; fileRef = 7BB2D0B7207D08E60092DBBD /* Tuple.h */; };
		7BB2D0C2207D08E60092DBBD /* TamperEvidentValue.h in Headers */ = {isa = PBXBuildFile; fileRef = 7BB2D0B8207D08E60092DBBD /* TamperEvidentValue.h */; };
		7BB2D0C3207D08E60092DBBD /* Rect.h in Headers */ = {isa = PBXBuildFile; fileRef = 7BB2D0B9207D08E60092DBBD /* Rect.h */; };
		7BB2D0C4207D08E60092DBBD /* MuscleSupport.h in Headers */ = {isa = PBXBuildFile; fileRef = 7BB2D0BA207D08E60092DBBD /* MuscleSupport.h */; };
		7BB2D0C5207D08E60092DBBD /* DoxyTemplate.h in Headers */ = {isa = PBXBuildFile; fileRef = 7BB2D0BB207D08E60092DBBD /* DoxyTemplate.h */; };
		7BB61AEC207D0B19009F8936 /* muscled.cpp in Sources */ = {isa = PBXBuildFile; fileRef = 7BB61AE6207D0B0B009F8936 /* muscled.cpp */; };
		7BB61AF1207D0C3E009F8936 /* libmuscle.a in Frameworks */ = {isa = PBXBuildFile; fileRef = 7B34A095207D066100A1B050 /* libmuscle.a */; };
		7BB61AF3207D0C4F009F8936 /* CoreFoundation.framework in Frameworks */ = {isa = PBXBuildFile; fileRef = 7BB61AF2207D0C4F009F8936 /* CoreFoundation.framework */; };
		7BB61AF5207D0C98009F8936 /* SystemConfiguration.framework in Frameworks */ = {isa = PBXBuildFile; fileRef = 7BB61AF4207D0C98009F8936 /* SystemConfiguration.framework */; };
/* End PBXBuildFile section */

/* Begin PBXContainerItemProxy section */
		7B16C54A207D0D9E0013D9B6 /* PBXContainerItemProxy */ = {
			isa = PBXContainerItemProxy;
			containerPortal = 7B34A08D207D066100A1B050 /* Project object */;
			proxyType = 1;
			remoteGlobalIDString = 7B34A094207D066100A1B050;
			remoteInfo = muscle;
		};
		7BB61AEE207D0C32009F8936 /* PBXContainerItemProxy */ = {
			isa = PBXContainerItemProxy;
			containerPortal = 7B34A08D207D066100A1B050 /* Project object */;
			proxyType = 1;
			remoteGlobalIDString = 7B34A094207D066100A1B050;
			remoteInfo = muscle;
		};
/* End PBXContainerItemProxy section */

/* Begin PBXCopyFilesBuildPhase section */
		7B16C540207D0D630013D9B6 /* CopyFiles */ = {
			isa = PBXCopyFilesBuildPhase;
			buildActionMask = 2147483647;
			dstPath = /usr/share/man/man1/;
			dstSubfolderSpec = 0;
			files = (
			);
			runOnlyForDeploymentPostprocessing = 1;
		};
		7BB61ADC207D0AF2009F8936 /* CopyFiles */ = {
			isa = PBXCopyFilesBuildPhase;
			buildActionMask = 2147483647;
			dstPath = /usr/share/man/man1/;
			dstSubfolderSpec = 0;
			files = (
			);
			runOnlyForDeploymentPostprocessing = 1;
		};
/* End PBXCopyFilesBuildPhase section */

/* Begin PBXFileReference section */
		7B16C542207D0D630013D9B6 /* admin */ = {isa = PBXFileReference; explicitFileType = "compiled.mach-o.executable"; includeInIndex = 0; path = admin; sourceTree = BUILT_PRODUCTS_DIR; };
		7B34A095207D066100A1B050 /* libmuscle.a */ = {isa = PBXFileReference; explicitFileType = archive.ar; includeInIndex = 0; path = libmuscle.a; sourceTree = BUILT_PRODUCTS_DIR; };
		7BB2CF86207D06E90092DBBD /* XorProxyDataIO.h */ = {isa = PBXFileReference; fileEncoding = 4; lastKnownFileType = sourcecode.c.h; name = XorProxyDataIO.h; path = ../dataio/XorProxyDataIO.h; sourceTree = "<group>"; };
		7BB2CF87207D06E90092DBBD /* StdinDataIO.cpp */ = {isa = PBXFileReference; fileEncoding = 4; lastKnownFileType = sourcecode.cpp.cpp; name = StdinDataIO.cpp; path = ../dataio/StdinDataIO.cpp; sourceTree = "<group>"; };
		7BB2CF88207D06E90092DBBD /* FileDataIO.h */ = {isa = PBXFileReference; fileEncoding = 4; lastKnownFileType = sourcecode.c.h; name = FileDataIO.h; path = ../dataio/FileDataIO.h; sourceTree = "<group>"; };
		7BB2CF89207D06E90092DBBD /* SeekableDataIO.h */ = {isa = PBXFileReference; fileEncoding = 4; lastKnownFileType = sourcecode.c.h; name = SeekableDataIO.h; path = ../dataio/SeekableDataIO.h; sourceTree = "<group>"; };
		7BB2CF8A207D06E90092DBBD /* MultiDataIO.cpp */ = {isa = PBXFileReference; fileEncoding = 4; lastKnownFileType = sourcecode.cpp.cpp; name = MultiDataIO.cpp; path = ../dataio/MultiDataIO.cpp; sourceTree = "<group>"; };
		7BB2CF8B207D06E90092DBBD /* SimulatedMulticastDataIO.cpp */ = {isa = PBXFileReference; fileEncoding = 4; lastKnownFileType = sourcecode.cpp.cpp; name = SimulatedMulticastDataIO.cpp; path = ../dataio/SimulatedMulticastDataIO.cpp; sourceTree = "<group>"; };
		7BB2CF8C207D06E90092DBBD /* StdinDataIO.h */ = {isa = PBXFileReference; fileEncoding = 4; lastKnownFileType = sourcecode.c.h; name = StdinDataIO.h; path = ../dataio/StdinDataIO.h; sourceTree = "<group>"; };
		7BB2CF8D207D06E90092DBBD /* ByteBufferDataIO.h */ = {isa = PBXFileReference; fileEncoding = 4; lastKnownFileType = sourcecode.c.h; name = ByteBufferDataIO.h; path = ../dataio/ByteBufferDataIO.h; sourceTree = "<group>"; };
		7BB2CF8E207D06E90092DBBD /* RS232DataIO.cpp */ = {isa = PBXFileReference; fileEncoding = 4; lastKnownFileType = sourcecode.cpp.cpp; name = RS232DataIO.cpp; path = ../dataio/RS232DataIO.cpp; sourceTree = "<group>"; };
		7BB2CF8F207D06E90092DBBD /* FileDescriptorDataIO.h */ = {isa = PBXFileReference; fileEncoding = 4; lastKnownFileType = sourcecode.c.h; name = FileDescriptorDataIO.h; path = ../dataio/FileDescriptorDataIO.h; sourceTree = "<group>"; };
		7BB2CF90207D06E90092DBBD /* ProxyDataIO.h */ = {isa = PBXFileReference; fileEncoding = 4; lastKnownFileType = sourcecode.c.h; name = ProxyDataIO.h; path = ../dataio/ProxyDataIO.h; sourceTree = "<group>"; };
		7BB2CF91207D06E90092DBBD /* SSLSocketDataIO.cpp */ = {isa = PBXFileReference; fileEncoding = 4; lastKnownFileType = sourcecode.cpp.cpp; name = SSLSocketDataIO.cpp; path = ../dataio/SSLSocketDataIO.cpp; sourceTree = "<group>"; };
		7BB2CF92207D06E90092DBBD /* UDPSocketDataIO.h */ = {isa = PBXFileReference; fileEncoding = 4; lastKnownFileType = sourcecode.c.h; name = UDPSocketDataIO.h; path = ../dataio/UDPSocketDataIO.h; sourceTree = "<group>"; };
		7BB2CF93207D06E90092DBBD /* AsyncDataIO.h */ = {isa = PBXFileReference; fileEncoding = 4; lastKnownFileType = sourcecode.c.h; name = AsyncDataIO.h; path = ../dataio/AsyncDataIO.h; sourceTree = "<group>"; };
		7BB2CF94207D06E90092DBBD /* ChildProcessDataIO.cpp */ = {isa = PBXFileReference; fileEncoding = 4; lastKnownFileType = sourcecode.cpp.cpp; name = ChildProcessDataIO.cpp; path = ../dataio/ChildProcessDataIO.cpp; sourceTree = "<group>"; };
		7BB2CF95207D06E90092DBBD /* FileDescriptorDataIO.cpp */ = {isa = PBXFileReference; fileEncoding = 4; lastKnownFileType = sourcecode.cpp.cpp; name = FileDescriptorDataIO.cpp; path = ../dataio/FileDescriptorDataIO.cpp; sourceTree = "<group>"; };
		7BB2CF96207D06E90092DBBD /* MultiDataIO.h */ = {isa = PBXFileReference; fileEncoding = 4; lastKnownFileType = sourcecode.c.h; name = MultiDataIO.h; path = ../dataio/MultiDataIO.h; sourceTree = "<group>"; };
		7BB2CF97207D06EA0092DBBD /* RS232DataIO.h */ = {isa = PBXFileReference; fileEncoding = 4; lastKnownFileType = sourcecode.c.h; name = RS232DataIO.h; path = ../dataio/RS232DataIO.h; sourceTree = "<group>"; };
		7BB2CF98207D06EA0092DBBD /* SSLSocketDataIO.h */ = {isa = PBXFileReference; fileEncoding = 4; lastKnownFileType = sourcecode.c.h; name = SSLSocketDataIO.h; path = ../dataio/SSLSocketDataIO.h; sourceTree = "<group>"; };
		7BB2CF99207D06EA0092DBBD /* AsyncDataIO.cpp */ = {isa = PBXFileReference; fileEncoding = 4; lastKnownFileType = sourcecode.cpp.cpp; name = AsyncDataIO.cpp; path = ../dataio/AsyncDataIO.cpp; sourceTree = "<group>"; };
		7BB2CF9A207D06EA0092DBBD /* ChildProcessDataIO.h */ = {isa = PBXFileReference; fileEncoding = 4; lastKnownFileType = sourcecode.c.h; name = ChildProcessDataIO.h; path = ../dataio/ChildProcessDataIO.h; sourceTree = "<group>"; };
		7BB2CF9B207D06EA0092DBBD /* PacketDataIO.h */ = {isa = PBXFileReference; fileEncoding = 4; lastKnownFileType = sourcecode.c.h; name = PacketDataIO.h; path = ../dataio/PacketDataIO.h; sourceTree = "<group>"; };
		7BB2CF9C207D06EA0092DBBD /* SimulatedMulticastDataIO.h */ = {isa = PBXFileReference; fileEncoding = 4; lastKnownFileType = sourcecode.c.h; name = SimulatedMulticastDataIO.h; path = ../dataio/SimulatedMulticastDataIO.h; sourceTree = "<group>"; };
		7BB2CF9D207D06EA0092DBBD /* PacketizedProxyDataIO.h */ = {isa = PBXFileReference; fileEncoding = 4; lastKnownFileType = sourcecode.c.h; name = PacketizedProxyDataIO.h; path = ../dataio/PacketizedProxyDataIO.h; sourceTree = "<group>"; };
		7BB2CF9E207D06EA0092DBBD /* TCPSocketDataIO.h */ = {isa = PBXFileReference; fileEncoding = 4; lastKnownFileType = sourcecode.c.h; name = TCPSocketDataIO.h; path = ../dataio/TCPSocketDataIO.h; sourceTree = "<group>"; };
		7BB2CF9F207D06EA0092DBBD /* DataIO.h */ = {isa = PBXFileReference; fileEncoding = 4; lastKnownFileType = sourcecode.c.h; name = DataIO.h; path = ../dataio/DataIO.h; sourceTree = "<group>"; };
		7BB2CFA0207D06EB0092DBBD /* PacketizedProxyDataIO.cpp */ = {isa = PBXFileReference; fileEncoding = 4; lastKnownFileType = sourcecode.cpp.cpp; name = PacketizedProxyDataIO.cpp; path = ../dataio/PacketizedProxyDataIO.cpp; sourceTree = "<group>"; };
		7BB2CFA1207D06EB0092DBBD /* NullDataIO.h */ = {isa = PBXFileReference; fileEncoding = 4; lastKnownFileType = sourcecode.c.h; name = NullDataIO.h; path = ../dataio/NullDataIO.h; sourceTree = "<group>"; };
		7BB2CFBF207D07420092DBBD /* RawDataMessageIOGateway.h */ = {isa = PBXFileReference; fileEncoding = 4; lastKnownFileType = sourcecode.c.h; name = RawDataMessageIOGateway.h; path = ../iogateway/RawDataMessageIOGateway.h; sourceTree = "<group>"; };
		7BB2CFC0207D07420092DBBD /* PacketTunnelIOGateway.h */ = {isa = PBXFileReference; fileEncoding = 4; lastKnownFileType = sourcecode.c.h; name = PacketTunnelIOGateway.h; path = ../iogateway/PacketTunnelIOGateway.h; sourceTree = "<group>"; };
		7BB2CFC1207D07420092DBBD /* SLIPFramedDataMessageIOGateway.h */ = {isa = PBXFileReference; fileEncoding = 4; lastKnownFileType = sourcecode.c.h; name = SLIPFramedDataMessageIOGateway.h; path = ../iogateway/SLIPFramedDataMessageIOGateway.h; sourceTree = "<group>"; };
		7BB2CFC2207D07420092DBBD /* AbstractMessageIOGateway.h */ = {isa = PBXFileReference; fileEncoding = 4; lastKnownFileType = sourcecode.c.h; name = AbstractMessageIOGateway.h; path = ../iogateway/AbstractMessageIOGateway.h; sourceTree = "<group>"; };
		7BB2CFC3207D07420092DBBD /* RawDataMessageIOGateway.cpp */ = {isa = PBXFileReference; fileEncoding = 4; lastKnownFileType = sourcecode.cpp.cpp; name = RawDataMessageIOGateway.cpp; path = ../iogateway/RawDataMessageIOGateway.cpp; sourceTree = "<group>"; };
		7BB2CFC4207D07420092DBBD /* PlainTextMessageIOGateway.h */ = {isa = PBXFileReference; fileEncoding = 4; lastKnownFileType = sourcecode.c.h; name = PlainTextMessageIOGateway.h; path = ../iogateway/PlainTextMessageIOGateway.h; sourceTree = "<group>"; };
		7BB2CFC5207D07420092DBBD /* PacketTunnelIOGateway.cpp */ = {isa = PBXFileReference; fileEncoding = 4; lastKnownFileType = sourcecode.cpp.cpp; name = PacketTunnelIOGateway.cpp; path = ../iogateway/PacketTunnelIOGateway.cpp; sourceTree = "<group>"; };
		7BB2CFC6207D07420092DBBD /* MessageIOGateway.h */ = {isa = PBXFileReference; fileEncoding = 4; lastKnownFileType = sourcecode.c.h; name = MessageIOGateway.h; path = ../iogateway/MessageIOGateway.h; sourceTree = "<group>"; };
		7BB2CFC7207D07420092DBBD /* PlainTextMessageIOGateway.cpp */ = {isa = PBXFileReference; fileEncoding = 4; lastKnownFileType = sourcecode.cpp.cpp; name = PlainTextMessageIOGateway.cpp; path = ../iogateway/PlainTextMessageIOGateway.cpp; sourceTree = "<group>"; };
		7BB2CFC8207D07430092DBBD /* SSLSocketAdapterGateway.cpp */ = {isa = PBXFileReference; fileEncoding = 4; lastKnownFileType = sourcecode.cpp.cpp; name = SSLSocketAdapterGateway.cpp; path = ../iogateway/SSLSocketAdapterGateway.cpp; sourceTree = "<group>"; };
		7BB2CFC9207D07430092DBBD /* SSLSocketAdapterGateway.h */ = {isa = PBXFileReference; fileEncoding = 4; lastKnownFileType = sourcecode.c.h; name = SSLSocketAdapterGateway.h; path = ../iogateway/SSLSocketAdapterGateway.h; sourceTree = "<group>"; };
		7BB2CFCA207D07430092DBBD /* AbstractMessageIOGateway.cpp */ = {isa = PBXFileReference; fileEncoding = 4; lastKnownFileType = sourcecode.cpp.cpp; name = AbstractMessageIOGateway.cpp; path = ../iogateway/AbstractMessageIOGateway.cpp; sourceTree = "<group>"; };
		7BB2CFCB207D07430092DBBD /* SLIPFramedDataMessageIOGateway.cpp */ = {isa = PBXFileReference; fileEncoding = 4; lastKnownFileType = sourcecode.cpp.cpp; name = SLIPFramedDataMessageIOGateway.cpp; path = ../iogateway/SLIPFramedDataMessageIOGateway.cpp; sourceTree = "<group>"; };
		7BB2CFCC207D07430092DBBD /* SignalMessageIOGateway.h */ = {isa = PBXFileReference; fileEncoding = 4; lastKnownFileType = sourcecode.c.h; name = SignalMessageIOGateway.h; path = ../iogateway/SignalMessageIOGateway.h; sourceTree = "<group>"; };
		7BB2CFCD207D07430092DBBD /* MessageIOGateway.cpp */ = {isa = PBXFileReference; fileEncoding = 4; lastKnownFileType = sourcecode.cpp.cpp; name = MessageIOGateway.cpp; path = ../iogateway/MessageIOGateway.cpp; sourceTree = "<group>"; };
		7BB2CFDE207D07700092DBBD /* MessageImpl.h */ = {isa = PBXFileReference; fileEncoding = 4; lastKnownFileType = sourcecode.c.h; name = MessageImpl.h; path = ../message/MessageImpl.h; sourceTree = "<group>"; };
		7BB2CFDF207D07700092DBBD /* Message.h */ = {isa = PBXFileReference; fileEncoding = 4; lastKnownFileType = sourcecode.c.h; name = Message.h; path = ../message/Message.h; sourceTree = "<group>"; };
		7BB2CFE0207D07700092DBBD /* Message.cpp */ = {isa = PBXFileReference; fileEncoding = 4; lastKnownFileType = sourcecode.cpp.cpp; name = Message.cpp; path = ../message/Message.cpp; sourceTree = "<group>"; };
		7BB2CFE5207D07830092DBBD /* AbstractReflectSession.h */ = {isa = PBXFileReference; fileEncoding = 4; lastKnownFileType = sourcecode.c.h; name = AbstractReflectSession.h; path = ../reflector/AbstractReflectSession.h; sourceTree = "<group>"; };
		7BB2CFE6207D07830092DBBD /* AbstractReflectSession.cpp */ = {isa = PBXFileReference; fileEncoding = 4; lastKnownFileType = sourcecode.cpp.cpp; name = AbstractReflectSession.cpp; path = ../reflector/AbstractReflectSession.cpp; sourceTree = "<group>"; };
		7BB2CFE7207D07830092DBBD /* DataNode.cpp */ = {isa = PBXFileReference; fileEncoding = 4; lastKnownFileType = sourcecode.cpp.cpp; name = DataNode.cpp; path = ../reflector/DataNode.cpp; sourceTree = "<group>"; };
		7BB2CFE8207D07830092DBBD /* DumbReflectSession.h */ = {isa = PBXFileReference; fileEncoding = 4; lastKnownFileType = sourcecode.c.h; name = DumbReflectSession.h; path = ../reflector/DumbReflectSession.h; sourceTree = "<group>"; };
		7BB2CFE9207D07830092DBBD /* ReflectServer.h */ = {isa = PBXFileReference; fileEncoding = 4; lastKnownFileType = sourcecode.c.h; name = ReflectServer.h; path = ../reflector/ReflectServer.h; sourceTree = "<group>"; };
		7BB2CFEA207D07830092DBBD /* ServerComponent.cpp */ = {isa = PBXFileReference; fileEncoding = 4; lastKnownFileType = sourcecode.cpp.cpp; name = ServerComponent.cpp; path = ../reflector/ServerComponent.cpp; sourceTree = "<group>"; };
		7BB2CFEB207D07830092DBBD /* DataNode.h */ = {isa = PBXFileReference; fileEncoding = 4; lastKnownFileType = sourcecode.c.h; name = DataNode.h; path = ../reflector/DataNode.h; sourceTree = "<group>"; };
		7BB2CFEC207D07830092DBBD /* FilterSessionFactory.h */ = {isa = PBXFileReference; fileEncoding = 4; lastKnownFileType = sourcecode.c.h; name = FilterSessionFactory.h; path = ../reflector/FilterSessionFactory.h; sourceTree = "<group>"; };
		7BB2CFED207D07830092DBBD /* RateLimitSessionIOPolicy.cpp */ = {isa = PBXFileReference; fileEncoding = 4; lastKnownFileType = sourcecode.cpp.cpp; name = RateLimitSessionIOPolicy.cpp; path = ../reflector/RateLimitSessionIOPolicy.cpp; sourceTree = "<group>"; };
		7BB2CFEE207D07830092DBBD /* ServerComponent.h */ = {isa = PBXFileReference; fileEncoding = 4; lastKnownFileType = sourcecode.c.h; name = ServerComponent.h; path = ../reflector/ServerComponent.h; sourceTree = "<group>"; };
		7BB2CFEF207D07830092DBBD /* ReflectServer.cpp */ = {isa = PBXFileReference; fileEncoding = 4; lastKnownFileType = sourcecode.cpp.cpp; name = ReflectServer.cpp; path = ../reflector/ReflectServer.cpp; sourceTree = "<group>"; };
		7BB2CFF0207D07830092DBBD /* SignalHandlerSession.h */ = {isa = PBXFileReference; fileEncoding = 4; lastKnownFileType = sourcecode.c.h; name = SignalHandlerSession.h; path = ../reflector/SignalHandlerSession.h; sourceTree = "<group>"; };
		7BB2CFF1207D07830092DBBD /* StorageReflectConstants.h */ = {isa = PBXFileReference; fileEncoding = 4; lastKnownFileType = sourcecode.c.h; name = StorageReflectConstants.h; path = ../reflector/StorageReflectConstants.h; sourceTree = "<group>"; };
		7BB2CFF2207D07840092DBBD /* RateLimitSessionIOPolicy.h */ = {isa = PBXFileReference; fileEncoding = 4; lastKnownFileType = sourcecode.c.h; name = RateLimitSessionIOPolicy.h; path = ../reflector/RateLimitSessionIOPolicy.h; sourceTree = "<group>"; };
		7BB2CFF3207D07840092DBBD /* StorageReflectSession.cpp */ = {isa = PBXFileReference; fileEncoding = 4; lastKnownFileType = sourcecode.cpp.cpp; name = StorageReflectSession.cpp; path = ../reflector/StorageReflectSession.cpp; sourceTree = "<group>"; };
		7BB2CFF4207D07840092DBBD /* AbstractSessionIOPolicy.h */ = {isa = PBXFileReference; fileEncoding = 4; lastKnownFileType = sourcecode.c.h; name = AbstractSessionIOPolicy.h; path = ../reflector/AbstractSessionIOPolicy.h; sourceTree = "<group>"; };
		7BB2CFF5207D07840092DBBD /* StorageReflectSession.h */ = {isa = PBXFileReference; fileEncoding = 4; lastKnownFileType = sourcecode.c.h; name = StorageReflectSession.h; path = ../reflector/StorageReflectSession.h; sourceTree = "<group>"; };
		7BB2CFF6207D07840092DBBD /* FilterSessionFactory.cpp */ = {isa = PBXFileReference; fileEncoding = 4; lastKnownFileType = sourcecode.cpp.cpp; name = FilterSessionFactory.cpp; path = ../reflector/FilterSessionFactory.cpp; sourceTree = "<group>"; };
		7BB2CFF7207D07840092DBBD /* DumbReflectSession.cpp */ = {isa = PBXFileReference; fileEncoding = 4; lastKnownFileType = sourcecode.cpp.cpp; name = DumbReflectSession.cpp; path = ../reflector/DumbReflectSession.cpp; sourceTree = "<group>"; };
		7BB2CFF8207D07840092DBBD /* SignalHandlerSession.cpp */ = {isa = PBXFileReference; fileEncoding = 4; lastKnownFileType = sourcecode.cpp.cpp; name = SignalHandlerSession.cpp; path = ../reflector/SignalHandlerSession.cpp; sourceTree = "<group>"; };
		7BB2D00E207D07A40092DBBD /* PathMatcher.h */ = {isa = PBXFileReference; fileEncoding = 4; lastKnownFileType = sourcecode.c.h; name = PathMatcher.h; path = ../regex/PathMatcher.h; sourceTree = "<group>"; };
		7BB2D00F207D07A40092DBBD /* FilePathExpander.cpp */ = {isa = PBXFileReference; fileEncoding = 4; lastKnownFileType = sourcecode.cpp.cpp; name = FilePathExpander.cpp; path = ../regex/FilePathExpander.cpp; sourceTree = "<group>"; };
		7BB2D010207D07A40092DBBD /* QueryFilter.cpp */ = {isa = PBXFileReference; fileEncoding = 4; lastKnownFileType = sourcecode.cpp.cpp; name = QueryFilter.cpp; path = ../regex/QueryFilter.cpp; sourceTree = "<group>"; };
		7BB2D011207D07A50092DBBD /* PathMatcher.cpp */ = {isa = PBXFileReference; fileEncoding = 4; lastKnownFileType = sourcecode.cpp.cpp; name = PathMatcher.cpp; path = ../regex/PathMatcher.cpp; sourceTree = "<group>"; };
		7BB2D012207D07A50092DBBD /* SegmentedStringMatcher.h */ = {isa = PBXFileReference; fileEncoding = 4; lastKnownFileType = sourcecode.c.h; name = SegmentedStringMatcher.h; path = ../regex/SegmentedStringMatcher.h; sourceTree = "<group>"; };
		7BB2D013207D07A50092DBBD /* FilePathExpander.h */ = {isa = PBXFileReference; fileEncoding = 4; lastKnownFileType = sourcecode.c.h; name = FilePathExpander.h; path = ../regex/FilePathExpander.h; sourceTree = "<group>"; };
		7BB2D014207D07A50092DBBD /* SegmentedStringMatcher.cpp */ = {isa = PBXFileReference; fileEncoding = 4; lastKnownFileType = sourcecode.cpp.cpp; name = SegmentedStringMatcher.cpp; path = ../regex/SegmentedStringMatcher.cpp; sourceTree = "<group>"; };
		7BB2D015207D07A50092DBBD /* StringMatcher.cpp */ = {isa = PBXFileReference; fileEncoding = 4; lastKnownFileType = sourcecode.cpp.cpp; name = StringMatcher.cpp; path = ../regex/StringMatcher.cpp; sourceTree = "<group>"; };
		7BB2D016207D07A50092DBBD /* QueryFilter.h */ = {isa = PBXFileReference; fileEncoding = 4; lastKnownFileType = sourcecode.c.h; name = QueryFilter.h; path = ../regex/QueryFilter.h; sourceTree = "<group>"; };
		7BB2D017207D07A50092DBBD /* StringMatcher.h */ = {isa = PBXFileReference; fileEncoding = 4; lastKnownFileType = sourcecode.c.h; name = StringMatcher.h; path = ../regex/StringMatcher.h; sourceTree = "<group>"; };
		7BB2D023207D07C60092DBBD /* SysLog.cpp */ = {isa = PBXFileReference; fileEncoding = 4; lastKnownFileType = sourcecode.cpp.cpp; name = SysLog.cpp; path = ../syslog/SysLog.cpp; sourceTree = "<group>"; };
		7BB2D024207D07C60092DBBD /* LogCallback.h */ = {isa = PBXFileReference; fileEncoding = 4; lastKnownFileType = sourcecode.c.h; name = LogCallback.h; path = ../syslog/LogCallback.h; sourceTree = "<group>"; };
		7BB2D025207D07C60092DBBD /* SysLog.h */ = {isa = PBXFileReference; fileEncoding = 4; lastKnownFileType = sourcecode.c.h; name = SysLog.h; path = ../syslog/SysLog.h; sourceTree = "<group>"; };
		7BB2D02A207D07DB0092DBBD /* ThreadPool.cpp */ = {isa = PBXFileReference; fileEncoding = 4; lastKnownFileType = sourcecode.cpp.cpp; name = ThreadPool.cpp; path = ../system/ThreadPool.cpp; sourceTree = "<group>"; };
		7BB2D02B207D07DB0092DBBD /* DetectNetworkConfigChangesSession.h */ = {isa = PBXFileReference; fileEncoding = 4; lastKnownFileType = sourcecode.c.h; name = DetectNetworkConfigChangesSession.h; path = ../system/DetectNetworkConfigChangesSession.h; sourceTree = "<group>"; };
		7BB2D02C207D07DB0092DBBD /* AtomicCounter.h */ = {isa = PBXFileReference; fileEncoding = 4; lastKnownFileType = sourcecode.c.h; name = AtomicCounter.h; path = ../system/AtomicCounter.h; sourceTree = "<group>"; };
		7BB2D02D207D07DB0092DBBD /* GlobalMemoryAllocator.cpp */ = {isa = PBXFileReference; fileEncoding = 4; lastKnownFileType = sourcecode.cpp.cpp; name = GlobalMemoryAllocator.cpp; path = ../system/GlobalMemoryAllocator.cpp; sourceTree = "<group>"; };
		7BB2D02E207D07DB0092DBBD /* Mutex.h */ = {isa = PBXFileReference; fileEncoding = 4; lastKnownFileType = sourcecode.c.h; name = Mutex.h; path = ../system/Mutex.h; sourceTree = "<group>"; };
		7BB2D02F207D07DB0092DBBD /* GlobalMemoryAllocator.h */ = {isa = PBXFileReference; fileEncoding = 4; lastKnownFileType = sourcecode.c.h; name = GlobalMemoryAllocator.h; path = ../system/GlobalMemoryAllocator.h; sourceTree = "<group>"; };
		7BB2D030207D07DB0092DBBD /* Thread.cpp */ = {isa = PBXFileReference; fileEncoding = 4; lastKnownFileType = sourcecode.cpp.cpp; name = Thread.cpp; path = ../system/Thread.cpp; sourceTree = "<group>"; };
		7BB2D031207D07DB0092DBBD /* SignalMultiplexer.cpp */ = {isa = PBXFileReference; fileEncoding = 4; lastKnownFileType = sourcecode.cpp.cpp; name = SignalMultiplexer.cpp; path = ../system/SignalMultiplexer.cpp; sourceTree = "<group>"; };
		7BB2D032207D07DC0092DBBD /* MessageTransceiverThread.h */ = {isa = PBXFileReference; fileEncoding = 4; lastKnownFileType = sourcecode.c.h; name = MessageTransceiverThread.h; path = ../system/MessageTransceiverThread.h; sourceTree = "<group>"; };
		7BB2D033207D07DC0092DBBD /* SetupSystem.cpp */ = {isa = PBXFileReference; fileEncoding = 4; lastKnownFileType = sourcecode.cpp.cpp; name = SetupSystem.cpp; path = ../system/SetupSystem.cpp; sourceTree = "<group>"; };
		7BB2D034207D07DC0092DBBD /* SetupSystem.h */ = {isa = PBXFileReference; fileEncoding = 4; lastKnownFileType = sourcecode.c.h; name = SetupSystem.h; path = ../system/SetupSystem.h; sourceTree = "<group>"; };
		7BB2D035207D07DC0092DBBD /* SignalMultiplexer.h */ = {isa = PBXFileReference; fileEncoding = 4; lastKnownFileType = sourcecode.c.h; name = SignalMultiplexer.h; path = ../system/SignalMultiplexer.h; sourceTree = "<group>"; };
		7BB2D036207D07DC0092DBBD /* SharedMemory.cpp */ = {isa = PBXFileReference; fileEncoding = 4; lastKnownFileType = sourcecode.cpp.cpp; name = SharedMemory.cpp; path = ../system/SharedMemory.cpp; sourceTree = "<group>"; };
		7BB2D037207D07DC0092DBBD /* INetworkConfigChangesTarget.h */ = {isa = PBXFileReference; fileEncoding = 4; lastKnownFileType = sourcecode.c.h; name = INetworkConfigChangesTarget.h; path = ../system/INetworkConfigChangesTarget.h; sourceTree = "<group>"; };
		7BB2D038207D07DC0092DBBD /* SharedMemory.h */ = {isa = PBXFileReference; fileEncoding = 4; lastKnownFileType = sourcecode.c.h; name = SharedMemory.h; path = ../system/SharedMemory.h; sourceTree = "<group>"; };
		7BB2D039207D07DC0092DBBD /* SystemInfo.cpp */ = {isa = PBXFileReference; fileEncoding = 4; lastKnownFileType = sourcecode.cpp.cpp; name = SystemInfo.cpp; path = ../system/SystemInfo.cpp; sourceTree = "<group>"; };
		7BB2D03A207D07DC0092DBBD /* ThreadLocalStorage.h */ = {isa = PBXFileReference; fileEncoding = 4; lastKnownFileType = sourcecode.c.h; name = ThreadLocalStorage.h; path = ../system/ThreadLocalStorage.h; sourceTree = "<group>"; };
		7BB2D03B207D07DC0092DBBD /* ThreadPool.h */ = {isa = PBXFileReference; fileEncoding = 4; lastKnownFileType = sourcecode.c.h; name = ThreadPool.h; path = ../system/ThreadPool.h; sourceTree = "<group>"; };
		7BB2D03C207D07DC0092DBBD /* AcceptSocketsThread.cpp */ = {isa = PBXFileReference; fileEncoding = 4; lastKnownFileType = sourcecode.cpp.cpp; name = AcceptSocketsThread.cpp; path = ../system/AcceptSocketsThread.cpp; sourceTree = "<group>"; };
		7BB2D03D207D07DD0092DBBD /* SystemInfo.h */ = {isa = PBXFileReference; fileEncoding = 4; lastKnownFileType = sourcecode.c.h; name = SystemInfo.h; path = ../system/SystemInfo.h; sourceTree = "<group>"; };
		7BB2D03E207D07DD0092DBBD /* DetectNetworkConfigChangesSession.cpp */ = {isa = PBXFileReference; fileEncoding = 4; lastKnownFileType = sourcecode.cpp.cpp; name = DetectNetworkConfigChangesSession.cpp; path = ../system/DetectNetworkConfigChangesSession.cpp; sourceTree = "<group>"; };
		7BB2D03F207D07DD0092DBBD /* Thread.h */ = {isa = PBXFileReference; fileEncoding = 4; lastKnownFileType = sourcecode.c.h; name = Thread.h; path = ../system/Thread.h; sourceTree = "<group>"; };
		7BB2D040207D07DD0092DBBD /* AcceptSocketsThread.h */ = {isa = PBXFileReference; fileEncoding = 4; lastKnownFileType = sourcecode.c.h; name = AcceptSocketsThread.h; path = ../system/AcceptSocketsThread.h; sourceTree = "<group>"; };
		7BB2D041207D07DD0092DBBD /* MessageTransceiverThread.cpp */ = {isa = PBXFileReference; fileEncoding = 4; lastKnownFileType = sourcecode.cpp.cpp; name = MessageTransceiverThread.cpp; path = ../system/MessageTransceiverThread.cpp; sourceTree = "<group>"; };
		7BB2D05B207D08070092DBBD /* BatchOperator.h */ = {isa = PBXFileReference; fileEncoding = 4; lastKnownFileType = sourcecode.c.h; name = BatchOperator.h; path = ../util/BatchOperator.h; sourceTree = "<group>"; };
		7BB2D05C207D08070092DBBD /* NestCount.h */ = {isa = PBXFileReference; fileEncoding = 4; lastKnownFileType = sourcecode.c.h; name = NestCount.h; path = ../util/NestCount.h; sourceTree = "<group>"; };
		7BB2D05D207D08070092DBBD /* SharedFilterSessionFactory.h */ = {isa = PBXFileReference; fileEncoding = 4; lastKnownFileType = sourcecode.c.h; name = SharedFilterSessionFactory.h; path = ../util/SharedFilterSessionFactory.h; sourceTree = "<group>"; };
		7BB2D05E207D08080092DBBD /* String.h */ = {isa = PBXFileReference; fileEncoding = 4; lastKnownFileType = sourcecode.c.h; name = String.h; path = ../util/String.h; sourceTree = "<group>"; };
		7BB2D05F207D08080092DBBD /* FlatCountable.h */ = {isa = PBXFileReference; fileEncoding = 4; lastKnownFileType = sourcecode.c.h; name = FlatCountable.h; path = ../util/FlatCountable.h; sourceTree = "<group>"; };
		7BB2D060207D08080092DBBD /* FilePathInfo.cpp */ = {isa = PBXFileReference; fileEncoding = 4; lastKnownFileType = sourcecode.cpp.cpp; name = FilePathInfo.cpp; path = ../util/FilePathInfo.cpp; sourceTree = "<group>"; };
		7BB2D061207D08080092DBBD /* Directory.cpp */ = {isa = PBXFileReference; fileEncoding = 4; lastKnownFileType = sourcecode.cpp.cpp; name = Directory.cpp; path = ../util/Directory.cpp; sourceTree = "<group>"; };
		7BB2D062207D08080092DBBD /* RefCount.h */ = {isa = PBXFileReference; fileEncoding = 4; lastKnownFileType = sourcecode.c.h; name = RefCount.h; path = ../util/RefCount.h; sourceTree = "<group>"; };
		7BB2D063207D08080092DBBD /* CPULoadMeter.cpp */ = {isa = PBXFileReference; fileEncoding = 4; lastKnownFileType = sourcecode.cpp.cpp; name = CPULoadMeter.cpp; path = ../util/CPULoadMeter.cpp; sourceTree = "<group>"; };
		7BB2D064207D08080092DBBD /* MemoryAllocator.h */ = {isa = PBXFileReference; fileEncoding = 4; lastKnownFileType = sourcecode.c.h; name = MemoryAllocator.h; path = ../util/MemoryAllocator.h; sourceTree = "<group>"; };
		7BB2D065207D08080092DBBD /* Queue.h */ = {isa = PBXFileReference; fileEncoding = 4; lastKnownFileType = sourcecode.c.h; name = Queue.h; path = ../util/Queue.h; sourceTree = "<group>"; };
		7BB2D066207D08080092DBBD /* DebugTimer.h */ = {isa = PBXFileReference; fileEncoding = 4; lastKnownFileType = sourcecode.c.h; name = DebugTimer.h; path = ../util/DebugTimer.h; sourceTree = "<group>"; };
		7BB2D067207D08080092DBBD /* IHostNameResolver.h */ = {isa = PBXFileReference; fileEncoding = 4; lastKnownFileType = sourcecode.c.h; name = IHostNameResolver.h; path = ../util/IHostNameResolver.h; sourceTree = "<group>"; };
		7BB2D068207D08080092DBBD /* ObjectPool.h */ = {isa = PBXFileReference; fileEncoding = 4; lastKnownFileType = sourcecode.c.h; name = ObjectPool.h; path = ../util/ObjectPool.h; sourceTree = "<group>"; };
		7BB2D069207D08080092DBBD /* MiscUtilityFunctions.h */ = {isa = PBXFileReference; fileEncoding = 4; lastKnownFileType = sourcecode.c.h; name = MiscUtilityFunctions.h; path = ../util/MiscUtilityFunctions.h; sourceTree = "<group>"; };
		7BB2D06A207D08080092DBBD /* SharedFilterSessionFactory.cpp */ = {isa = PBXFileReference; fileEncoding = 4; lastKnownFileType = sourcecode.cpp.cpp; name = SharedFilterSessionFactory.cpp; path = ../util/SharedFilterSessionFactory.cpp; sourceTree = "<group>"; };
		7BB2D06B207D08090092DBBD /* SharedUsageLimitProxyMemoryAllocator.h */ = {isa = PBXFileReference; fileEncoding = 4; lastKnownFileType = sourcecode.c.h; name = SharedUsageLimitProxyMemoryAllocator.h; path = ../util/SharedUsageLimitProxyMemoryAllocator.h; sourceTree = "<group>"; };
		7BB2D06C207D08090092DBBD /* Cloneable.h */ = {isa = PBXFileReference; fileEncoding = 4; lastKnownFileType = sourcecode.c.h; name = Cloneable.h; path = ../util/Cloneable.h; sourceTree = "<group>"; };
		7BB2D06D207D08090092DBBD /* Directory.h */ = {isa = PBXFileReference; fileEncoding = 4; lastKnownFileType = sourcecode.c.h; name = Directory.h; path = ../util/Directory.h; sourceTree = "<group>"; };
		7BB2D06E207D08090092DBBD /* PulseNode.h */ = {isa = PBXFileReference; fileEncoding = 4; lastKnownFileType = sourcecode.c.h; name = PulseNode.h; path = ../util/PulseNode.h; sourceTree = "<group>"; };
		7BB2D06F207D08090092DBBD /* String.cpp */ = {isa = PBXFileReference; fileEncoding = 4; lastKnownFileType = sourcecode.cpp.cpp; name = String.cpp; path = ../util/String.cpp; sourceTree = "<group>"; };
		7BB2D070207D08090092DBBD /* TimeUtilityFunctions.h */ = {isa = PBXFileReference; fileEncoding = 4; lastKnownFileType = sourcecode.c.h; name = TimeUtilityFunctions.h; path = ../util/TimeUtilityFunctions.h; sourceTree = "<group>"; };
		7BB2D071207D08090092DBBD /* ByteBuffer.h */ = {isa = PBXFileReference; fileEncoding = 4; lastKnownFileType = sourcecode.c.h; name = ByteBuffer.h; path = ../util/ByteBuffer.h; sourceTree = "<group>"; };
		7BB2D072207D08090092DBBD /* Hashtable.h */ = {isa = PBXFileReference; fileEncoding = 4; lastKnownFileType = sourcecode.c.h; name = Hashtable.h; path = ../util/Hashtable.h; sourceTree = "<group>"; };
		7BB2D073207D080A0092DBBD /* SocketMultiplexer.h */ = {isa = PBXFileReference; fileEncoding = 4; lastKnownFileType = sourcecode.c.h; name = SocketMultiplexer.h; path = ../util/SocketMultiplexer.h; sourceTree = "<group>"; };
		7BB2D074207D080A0092DBBD /* MiscUtilityFunctions.cpp */ = {isa = PBXFileReference; fileEncoding = 4; lastKnownFileType = sourcecode.cpp.cpp; name = MiscUtilityFunctions.cpp; path = ../util/MiscUtilityFunctions.cpp; sourceTree = "<group>"; };
		7BB2D075207D080A0092DBBD /* ByteBuffer.cpp */ = {isa = PBXFileReference; fileEncoding = 4; lastKnownFileType = sourcecode.cpp.cpp; name = ByteBuffer.cpp; path = ../util/ByteBuffer.cpp; sourceTree = "<group>"; };
		7BB2D076207D080A0092DBBD /* CountedObject.h */ = {isa = PBXFileReference; fileEncoding = 4; lastKnownFileType = sourcecode.c.h; name = CountedObject.h; path = ../util/CountedObject.h; sourceTree = "<group>"; };
		7BB2D077207D080A0092DBBD /* IPAddress.h */ = {isa = PBXFileReference; fileEncoding = 4; lastKnownFileType = sourcecode.c.h; name = IPAddress.h; path = ../util/IPAddress.h; sourceTree = "<group>"; };
		7BB2D078207D080A0092DBBD /* NetworkInterfaceInfo.h */ = {isa = PBXFileReference; fileEncoding = 4; lastKnownFileType = sourcecode.c.h; name = NetworkInterfaceInfo.h; path = ../util/NetworkInterfaceInfo.h; sourceTree = "<group>"; };
		7BB2D079207D080B0092DBBD /* NetworkUtilityFunctions.cpp */ = {isa = PBXFileReference; fileEncoding = 4; lastKnownFileType = sourcecode.cpp.cpp; name = NetworkUtilityFunctions.cpp; path = ../util/NetworkUtilityFunctions.cpp; sourceTree = "<group>"; };
		7BB2D07A207D080B0092DBBD /* SharedUsageLimitProxyMemoryAllocator.cpp */ = {isa = PBXFileReference; fileEncoding = 4; lastKnownFileType = sourcecode.cpp.cpp; name = SharedUsageLimitProxyMemoryAllocator.cpp; path = ../util/SharedUsageLimitProxyMemoryAllocator.cpp; sourceTree = "<group>"; };
		7BB2D07B207D080B0092DBBD /* Socket.h */ = {isa = PBXFileReference; fileEncoding = 4; lastKnownFileType = sourcecode.c.h; name = Socket.h; path = ../util/Socket.h; sourceTree = "<group>"; };
		7BB2D07C207D080B0092DBBD /* StringTokenizer.h */ = {isa = PBXFileReference; fileEncoding = 4; lastKnownFileType = sourcecode.c.h; name = StringTokenizer.h; path = ../util/StringTokenizer.h; sourceTree = "<group>"; };
		7BB2D07D207D080C0092DBBD /* NetworkUtilityFunctions.h */ = {isa = PBXFileReference; fileEncoding = 4; lastKnownFileType = sourcecode.c.h; name = NetworkUtilityFunctions.h; path = ../util/NetworkUtilityFunctions.h; sourceTree = "<group>"; };
		7BB2D07E207D080C0092DBBD /* MemoryAllocator.cpp */ = {isa = PBXFileReference; fileEncoding = 4; lastKnownFileType = sourcecode.cpp.cpp; name = MemoryAllocator.cpp; path = ../util/MemoryAllocator.cpp; sourceTree = "<group>"; };
		7BB2D07F207D080C0092DBBD /* PulseNode.cpp */ = {isa = PBXFileReference; fileEncoding = 4; lastKnownFileType = sourcecode.cpp.cpp; name = PulseNode.cpp; path = ../util/PulseNode.cpp; sourceTree = "<group>"; };
		7BB2D080207D080C0092DBBD /* FilePathInfo.h */ = {isa = PBXFileReference; fileEncoding = 4; lastKnownFileType = sourcecode.c.h; name = FilePathInfo.h; path = ../util/FilePathInfo.h; sourceTree = "<group>"; };
		7BB2D081207D080D0092DBBD /* DemandConstructedObject.h */ = {isa = PBXFileReference; fileEncoding = 4; lastKnownFileType = sourcecode.c.h; name = DemandConstructedObject.h; path = ../util/DemandConstructedObject.h; sourceTree = "<group>"; };
		7BB2D082207D080D0092DBBD /* PointerAndBool.h */ = {isa = PBXFileReference; fileEncoding = 4; lastKnownFileType = sourcecode.c.h; name = PointerAndBool.h; path = ../util/PointerAndBool.h; sourceTree = "<group>"; };
		7BB2D083207D080D0092DBBD /* SocketMultiplexer.cpp */ = {isa = PBXFileReference; fileEncoding = 4; lastKnownFileType = sourcecode.cpp.cpp; name = SocketMultiplexer.cpp; path = ../util/SocketMultiplexer.cpp; sourceTree = "<group>"; };
		7BB2D084207D080D0092DBBD /* CPULoadMeter.h */ = {isa = PBXFileReference; fileEncoding = 4; lastKnownFileType = sourcecode.c.h; name = CPULoadMeter.h; path = ../util/CPULoadMeter.h; sourceTree = "<group>"; };
		7BB2D085207D080E0092DBBD /* GenericCallback.h */ = {isa = PBXFileReference; fileEncoding = 4; lastKnownFileType = sourcecode.c.h; name = GenericCallback.h; path = ../util/GenericCallback.h; sourceTree = "<group>"; };
		7BB2D0B2207D08E50092DBBD /* PseudoFlattenable.h */ = {isa = PBXFileReference; fileEncoding = 4; lastKnownFileType = sourcecode.c.h; name = PseudoFlattenable.h; path = ../support/PseudoFlattenable.h; sourceTree = "<group>"; };
		7BB2D0B3207D08E50092DBBD /* BitChord.h */ = {isa = PBXFileReference; fileEncoding = 4; lastKnownFileType = sourcecode.c.h; name = BitChord.h; path = ../support/BitChord.h; sourceTree = "<group>"; };
		7BB2D0B4207D08E50092DBBD /* Point.h */ = {isa = PBXFileReference; fileEncoding = 4; lastKnownFileType = sourcecode.c.h; name = Point.h; path = ../support/Point.h; sourceTree = "<group>"; };
		7BB2D0B5207D08E50092DBBD /* NotCopyable.h */ = {isa = PBXFileReference; fileEncoding = 4; lastKnownFileType = sourcecode.c.h; name = NotCopyable.h; path = ../support/NotCopyable.h; sourceTree = "<group>"; };
		7BB2D0B6207D08E50092DBBD /* Flattenable.h */ = {isa = PBXFileReference; fileEncoding = 4; lastKnownFileType = sourcecode.c.h; name = Flattenable.h; path = ../support/Flattenable.h; sourceTree = "<group>"; };
		7BB2D0B7207D08E60092DBBD /* Tuple.h */ = {isa = PBXFileReference; fileEncoding = 4; lastKnownFileType = sourcecode.c.h; name = Tuple.h; path = ../support/Tuple.h; sourceTree = "<group>"; };
		7BB2D0B8207D08E60092DBBD /* TamperEvidentValue.h */ = {isa = PBXFileReference; fileEncoding = 4; lastKnownFileType = sourcecode.c.h; name = TamperEvidentValue.h; path = ../support/TamperEvidentValue.h; sourceTree = "<group>"; };
		7BB2D0B9207D08E60092DBBD /* Rect.h */ = {isa = PBXFileReference; fileEncoding = 4; lastKnownFileType = sourcecode.c.h; name = Rect.h; path = ../support/Rect.h; sourceTree = "<group>"; };
		7BB2D0BA207D08E60092DBBD /* MuscleSupport.h */ = {isa = PBXFileReference; fileEncoding = 4; lastKnownFileType = sourcecode.c.h; name = MuscleSupport.h; path = ../support/MuscleSupport.h; sourceTree = "<group>"; };
		7BB2D0BB207D08E60092DBBD /* DoxyTemplate.h */ = {isa = PBXFileReference; fileEncoding = 4; lastKnownFileType = sourcecode.c.h; name = DoxyTemplate.h; path = ../support/DoxyTemplate.h; sourceTree = "<group>"; };
		7BB61ADE207D0AF2009F8936 /* muscled */ = {isa = PBXFileReference; explicitFileType = "compiled.mach-o.executable"; includeInIndex = 0; path = muscled; sourceTree = BUILT_PRODUCTS_DIR; };
		7BB61AE6207D0B0B009F8936 /* muscled.cpp */ = {isa = PBXFileReference; fileEncoding = 4; lastKnownFileType = sourcecode.cpp.cpp; name = muscled.cpp; path = ../server/muscled.cpp; sourceTree = "<group>"; };
		7BB61AE8207D0B0B009F8936 /* admin.cpp */ = {isa = PBXFileReference; fileEncoding = 4; lastKnownFileType = sourcecode.cpp.cpp; name = admin.cpp; path = ../server/admin.cpp; sourceTree = "<group>"; };
		7BB61AF2207D0C4F009F8936 /* CoreFoundation.framework */ = {isa = PBXFileReference; lastKnownFileType = wrapper.framework; name = CoreFoundation.framework; path = System/Library/Frameworks/CoreFoundation.framework; sourceTree = SDKROOT; };
		7BB61AF4207D0C98009F8936 /* SystemConfiguration.framework */ = {isa = PBXFileReference; lastKnownFileType = wrapper.framework; name = SystemConfiguration.framework; path = System/Library/Frameworks/SystemConfiguration.framework; sourceTree = SDKROOT; };
/* End PBXFileReference section */

/* Begin PBXFrameworksBuildPhase section */
		7B16C53F207D0D630013D9B6 /* Frameworks */ = {
			isa = PBXFrameworksBuildPhase;
			buildActionMask = 2147483647;
			files = (
				7B16C54E207D0DB50013D9B6 /* SystemConfiguration.framework in Frameworks */,
				7B16C54D207D0DAF0013D9B6 /* CoreFoundation.framework in Frameworks */,
				7B16C54C207D0DA20013D9B6 /* libmuscle.a in Frameworks */,
			);
			runOnlyForDeploymentPostprocessing = 0;
		};
		7B34A092207D066100A1B050 /* Frameworks */ = {
			isa = PBXFrameworksBuildPhase;
			buildActionMask = 2147483647;
			files = (
			);
			runOnlyForDeploymentPostprocessing = 0;
		};
		7BB61ADB207D0AF2009F8936 /* Frameworks */ = {
			isa = PBXFrameworksBuildPhase;
			buildActionMask = 2147483647;
			files = (
				7BB61AF5207D0C98009F8936 /* SystemConfiguration.framework in Frameworks */,
				7BB61AF3207D0C4F009F8936 /* CoreFoundation.framework in Frameworks */,
				7BB61AF1207D0C3E009F8936 /* libmuscle.a in Frameworks */,
			);
			runOnlyForDeploymentPostprocessing = 0;
		};
/* End PBXFrameworksBuildPhase section */

/* Begin PBXGroup section */
		7B34A08C207D066100A1B050 = {
			isa = PBXGroup;
			children = (
				7BB61AE5207D0AFE009F8936 /* server */,
				7BB2D0B1207D08D80092DBBD /* support */,
				7BB2D05A207D07FD0092DBBD /* util */,
				7BB2D029207D07CF0092DBBD /* system */,
				7BB2D022207D07B80092DBBD /* syslog */,
				7BB2D00D207D079A0092DBBD /* regex */,
				7BB2CFE4207D07780092DBBD /* reflector */,
				7BB2CFDD207D07610092DBBD /* message */,
				7BB2CF85207D06C80092DBBD /* dataio */,
				7BB2CFBE207D072D0092DBBD /* iogateway */,
				7B34A096207D066100A1B050 /* Products */,
				7BB61AF0207D0C3E009F8936 /* Frameworks */,
			);
			indentWidth = 3;
			sourceTree = "<group>";
			tabWidth = 3;
		};
		7B34A096207D066100A1B050 /* Products */ = {
			isa = PBXGroup;
			children = (
				7B34A095207D066100A1B050 /* libmuscle.a */,
				7BB61ADE207D0AF2009F8936 /* muscled */,
				7B16C542207D0D630013D9B6 /* admin */,
			);
			name = Products;
			sourceTree = "<group>";
		};
		7BB2CF85207D06C80092DBBD /* dataio */ = {
			isa = PBXGroup;
			children = (
				7BB2CF99207D06EA0092DBBD /* AsyncDataIO.cpp */,
				7BB2CF93207D06E90092DBBD /* AsyncDataIO.h */,
				7BB2CF8D207D06E90092DBBD /* ByteBufferDataIO.h */,
				7BB2CF94207D06E90092DBBD /* ChildProcessDataIO.cpp */,
				7BB2CF9A207D06EA0092DBBD /* ChildProcessDataIO.h */,
				7BB2CF9F207D06EA0092DBBD /* DataIO.h */,
				7BB2CF88207D06E90092DBBD /* FileDataIO.h */,
				7BB2CF95207D06E90092DBBD /* FileDescriptorDataIO.cpp */,
				7BB2CF8F207D06E90092DBBD /* FileDescriptorDataIO.h */,
				7BB2CF8A207D06E90092DBBD /* MultiDataIO.cpp */,
				7BB2CF96207D06E90092DBBD /* MultiDataIO.h */,
				7BB2CFA1207D06EB0092DBBD /* NullDataIO.h */,
				7BB2CF9B207D06EA0092DBBD /* PacketDataIO.h */,
				7BB2CFA0207D06EB0092DBBD /* PacketizedProxyDataIO.cpp */,
				7BB2CF9D207D06EA0092DBBD /* PacketizedProxyDataIO.h */,
				7BB2CF90207D06E90092DBBD /* ProxyDataIO.h */,
				7BB2CF8E207D06E90092DBBD /* RS232DataIO.cpp */,
				7BB2CF97207D06EA0092DBBD /* RS232DataIO.h */,
				7BB2CF89207D06E90092DBBD /* SeekableDataIO.h */,
				7BB2CF8B207D06E90092DBBD /* SimulatedMulticastDataIO.cpp */,
				7BB2CF9C207D06EA0092DBBD /* SimulatedMulticastDataIO.h */,
				7BB2CF91207D06E90092DBBD /* SSLSocketDataIO.cpp */,
				7BB2CF98207D06EA0092DBBD /* SSLSocketDataIO.h */,
				7BB2CF87207D06E90092DBBD /* StdinDataIO.cpp */,
				7BB2CF8C207D06E90092DBBD /* StdinDataIO.h */,
				7BB2CF9E207D06EA0092DBBD /* TCPSocketDataIO.h */,
				7BB2CF92207D06E90092DBBD /* UDPSocketDataIO.h */,
				7BB2CF86207D06E90092DBBD /* XorProxyDataIO.h */,
			);
			name = dataio;
			sourceTree = "<group>";
		};
		7BB2CFBE207D072D0092DBBD /* iogateway */ = {
			isa = PBXGroup;
			children = (
				7BB2CFCA207D07430092DBBD /* AbstractMessageIOGateway.cpp */,
				7BB2CFC2207D07420092DBBD /* AbstractMessageIOGateway.h */,
				7BB2CFCD207D07430092DBBD /* MessageIOGateway.cpp */,
				7BB2CFC6207D07420092DBBD /* MessageIOGateway.h */,
				7BB2CFC5207D07420092DBBD /* PacketTunnelIOGateway.cpp */,
				7BB2CFC0207D07420092DBBD /* PacketTunnelIOGateway.h */,
				7BB2CFC7207D07420092DBBD /* PlainTextMessageIOGateway.cpp */,
				7BB2CFC4207D07420092DBBD /* PlainTextMessageIOGateway.h */,
				7BB2CFC3207D07420092DBBD /* RawDataMessageIOGateway.cpp */,
				7BB2CFBF207D07420092DBBD /* RawDataMessageIOGateway.h */,
				7BB2CFCC207D07430092DBBD /* SignalMessageIOGateway.h */,
				7BB2CFCB207D07430092DBBD /* SLIPFramedDataMessageIOGateway.cpp */,
				7BB2CFC1207D07420092DBBD /* SLIPFramedDataMessageIOGateway.h */,
				7BB2CFC8207D07430092DBBD /* SSLSocketAdapterGateway.cpp */,
				7BB2CFC9207D07430092DBBD /* SSLSocketAdapterGateway.h */,
			);
			name = iogateway;
			sourceTree = "<group>";
		};
		7BB2CFDD207D07610092DBBD /* message */ = {
			isa = PBXGroup;
			children = (
				7BB2CFE0207D07700092DBBD /* Message.cpp */,
				7BB2CFDF207D07700092DBBD /* Message.h */,
				7BB2CFDE207D07700092DBBD /* MessageImpl.h */,
			);
			name = message;
			sourceTree = "<group>";
		};
		7BB2CFE4207D07780092DBBD /* reflector */ = {
			isa = PBXGroup;
			children = (
				7BB2CFE6207D07830092DBBD /* AbstractReflectSession.cpp */,
				7BB2CFE5207D07830092DBBD /* AbstractReflectSession.h */,
				7BB2CFF4207D07840092DBBD /* AbstractSessionIOPolicy.h */,
				7BB2CFE7207D07830092DBBD /* DataNode.cpp */,
				7BB2CFEB207D07830092DBBD /* DataNode.h */,
				7BB2CFF7207D07840092DBBD /* DumbReflectSession.cpp */,
				7BB2CFE8207D07830092DBBD /* DumbReflectSession.h */,
				7BB2CFF6207D07840092DBBD /* FilterSessionFactory.cpp */,
				7BB2CFEC207D07830092DBBD /* FilterSessionFactory.h */,
				7BB2CFED207D07830092DBBD /* RateLimitSessionIOPolicy.cpp */,
				7BB2CFF2207D07840092DBBD /* RateLimitSessionIOPolicy.h */,
				7BB2CFEF207D07830092DBBD /* ReflectServer.cpp */,
				7BB2CFE9207D07830092DBBD /* ReflectServer.h */,
				7BB2CFEA207D07830092DBBD /* ServerComponent.cpp */,
				7BB2CFEE207D07830092DBBD /* ServerComponent.h */,
				7BB2CFF8207D07840092DBBD /* SignalHandlerSession.cpp */,
				7BB2CFF0207D07830092DBBD /* SignalHandlerSession.h */,
				7BB2CFF1207D07830092DBBD /* StorageReflectConstants.h */,
				7BB2CFF3207D07840092DBBD /* StorageReflectSession.cpp */,
				7BB2CFF5207D07840092DBBD /* StorageReflectSession.h */,
			);
			name = reflector;
			sourceTree = "<group>";
		};
		7BB2D00D207D079A0092DBBD /* regex */ = {
			isa = PBXGroup;
			children = (
				7BB2D00F207D07A40092DBBD /* FilePathExpander.cpp */,
				7BB2D013207D07A50092DBBD /* FilePathExpander.h */,
				7BB2D011207D07A50092DBBD /* PathMatcher.cpp */,
				7BB2D00E207D07A40092DBBD /* PathMatcher.h */,
				7BB2D010207D07A40092DBBD /* QueryFilter.cpp */,
				7BB2D016207D07A50092DBBD /* QueryFilter.h */,
				7BB2D014207D07A50092DBBD /* SegmentedStringMatcher.cpp */,
				7BB2D012207D07A50092DBBD /* SegmentedStringMatcher.h */,
				7BB2D015207D07A50092DBBD /* StringMatcher.cpp */,
				7BB2D017207D07A50092DBBD /* StringMatcher.h */,
			);
			name = regex;
			sourceTree = "<group>";
		};
		7BB2D022207D07B80092DBBD /* syslog */ = {
			isa = PBXGroup;
			children = (
				7BB2D024207D07C60092DBBD /* LogCallback.h */,
				7BB2D023207D07C60092DBBD /* SysLog.cpp */,
				7BB2D025207D07C60092DBBD /* SysLog.h */,
			);
			name = syslog;
			sourceTree = "<group>";
		};
		7BB2D029207D07CF0092DBBD /* system */ = {
			isa = PBXGroup;
			children = (
				7BB2D03C207D07DC0092DBBD /* AcceptSocketsThread.cpp */,
				7BB2D040207D07DD0092DBBD /* AcceptSocketsThread.h */,
				7BB2D02C207D07DB0092DBBD /* AtomicCounter.h */,
				7BB2D03E207D07DD0092DBBD /* DetectNetworkConfigChangesSession.cpp */,
				7BB2D02B207D07DB0092DBBD /* DetectNetworkConfigChangesSession.h */,
				7BB2D02D207D07DB0092DBBD /* GlobalMemoryAllocator.cpp */,
				7BB2D02F207D07DB0092DBBD /* GlobalMemoryAllocator.h */,
				7BB2D037207D07DC0092DBBD /* INetworkConfigChangesTarget.h */,
				7BB2D041207D07DD0092DBBD /* MessageTransceiverThread.cpp */,
				7BB2D032207D07DC0092DBBD /* MessageTransceiverThread.h */,
				7BB2D02E207D07DB0092DBBD /* Mutex.h */,
				7BB2D033207D07DC0092DBBD /* SetupSystem.cpp */,
				7BB2D034207D07DC0092DBBD /* SetupSystem.h */,
				7BB2D036207D07DC0092DBBD /* SharedMemory.cpp */,
				7BB2D038207D07DC0092DBBD /* SharedMemory.h */,
				7BB2D031207D07DB0092DBBD /* SignalMultiplexer.cpp */,
				7BB2D035207D07DC0092DBBD /* SignalMultiplexer.h */,
				7BB2D039207D07DC0092DBBD /* SystemInfo.cpp */,
				7BB2D03D207D07DD0092DBBD /* SystemInfo.h */,
				7BB2D030207D07DB0092DBBD /* Thread.cpp */,
				7BB2D03F207D07DD0092DBBD /* Thread.h */,
				7BB2D03A207D07DC0092DBBD /* ThreadLocalStorage.h */,
				7BB2D02A207D07DB0092DBBD /* ThreadPool.cpp */,
				7BB2D03B207D07DC0092DBBD /* ThreadPool.h */,
			);
			name = system;
			sourceTree = "<group>";
		};
		7BB2D05A207D07FD0092DBBD /* util */ = {
			isa = PBXGroup;
			children = (
				7BB2D05B207D08070092DBBD /* BatchOperator.h */,
				7BB2D075207D080A0092DBBD /* ByteBuffer.cpp */,
				7BB2D071207D08090092DBBD /* ByteBuffer.h */,
				7BB2D06C207D08090092DBBD /* Cloneable.h */,
				7BB2D076207D080A0092DBBD /* CountedObject.h */,
				7BB2D063207D08080092DBBD /* CPULoadMeter.cpp */,
				7BB2D084207D080D0092DBBD /* CPULoadMeter.h */,
				7BB2D066207D08080092DBBD /* DebugTimer.h */,
				7BB2D081207D080D0092DBBD /* DemandConstructedObject.h */,
				7BB2D061207D08080092DBBD /* Directory.cpp */,
				7BB2D06D207D08090092DBBD /* Directory.h */,
				7BB2D060207D08080092DBBD /* FilePathInfo.cpp */,
				7BB2D080207D080C0092DBBD /* FilePathInfo.h */,
				7BB2D05F207D08080092DBBD /* FlatCountable.h */,
				7BB2D085207D080E0092DBBD /* GenericCallback.h */,
				7BB2D072207D08090092DBBD /* Hashtable.h */,
				7BB2D067207D08080092DBBD /* IHostNameResolver.h */,
				7BB2D077207D080A0092DBBD /* IPAddress.h */,
				7BB2D07E207D080C0092DBBD /* MemoryAllocator.cpp */,
				7BB2D064207D08080092DBBD /* MemoryAllocator.h */,
				7BB2D074207D080A0092DBBD /* MiscUtilityFunctions.cpp */,
				7BB2D069207D08080092DBBD /* MiscUtilityFunctions.h */,
				7BB2D05C207D08070092DBBD /* NestCount.h */,
				7BB2D078207D080A0092DBBD /* NetworkInterfaceInfo.h */,
				7BB2D079207D080B0092DBBD /* NetworkUtilityFunctions.cpp */,
				7BB2D07D207D080C0092DBBD /* NetworkUtilityFunctions.h */,
				7BB2D068207D08080092DBBD /* ObjectPool.h */,
				7BB2D082207D080D0092DBBD /* PointerAndBool.h */,
				7BB2D07F207D080C0092DBBD /* PulseNode.cpp */,
				7BB2D06E207D08090092DBBD /* PulseNode.h */,
				7BB2D065207D08080092DBBD /* Queue.h */,
				7BB2D062207D08080092DBBD /* RefCount.h */,
				7BB2D06A207D08080092DBBD /* SharedFilterSessionFactory.cpp */,
				7BB2D05D207D08070092DBBD /* SharedFilterSessionFactory.h */,
				7BB2D07A207D080B0092DBBD /* SharedUsageLimitProxyMemoryAllocator.cpp */,
				7BB2D06B207D08090092DBBD /* SharedUsageLimitProxyMemoryAllocator.h */,
				7BB2D07B207D080B0092DBBD /* Socket.h */,
				7BB2D083207D080D0092DBBD /* SocketMultiplexer.cpp */,
				7BB2D073207D080A0092DBBD /* SocketMultiplexer.h */,
				7BB2D06F207D08090092DBBD /* String.cpp */,
				7BB2D05E207D08080092DBBD /* String.h */,
				7BB2D07C207D080B0092DBBD /* StringTokenizer.h */,
				7BB2D070207D08090092DBBD /* TimeUtilityFunctions.h */,
			);
			name = util;
			sourceTree = "<group>";
		};
		7BB2D0B1207D08D80092DBBD /* support */ = {
			isa = PBXGroup;
			children = (
				7BB2D0B3207D08E50092DBBD /* BitChord.h */,
				7BB2D0BB207D08E60092DBBD /* DoxyTemplate.h */,
				7BB2D0B6207D08E50092DBBD /* Flattenable.h */,
				7BB2D0BA207D08E60092DBBD /* MuscleSupport.h */,
				7BB2D0B5207D08E50092DBBD /* NotCopyable.h */,
				7BB2D0B4207D08E50092DBBD /* Point.h */,
				7BB2D0B2207D08E50092DBBD /* PseudoFlattenable.h */,
				7BB2D0B9207D08E60092DBBD /* Rect.h */,
				7BB2D0B8207D08E60092DBBD /* TamperEvidentValue.h */,
				7BB2D0B7207D08E60092DBBD /* Tuple.h */,
			);
			name = support;
			sourceTree = "<group>";
		};
		7BB61AE5207D0AFE009F8936 /* server */ = {
			isa = PBXGroup;
			children = (
				7BB61AE8207D0B0B009F8936 /* admin.cpp */,
				7BB61AE6207D0B0B009F8936 /* muscled.cpp */,
			);
			name = server;
			sourceTree = "<group>";
		};
		7BB61AF0207D0C3E009F8936 /* Frameworks */ = {
			isa = PBXGroup;
			children = (
				7BB61AF4207D0C98009F8936 /* SystemConfiguration.framework */,
				7BB61AF2207D0C4F009F8936 /* CoreFoundation.framework */,
			);
			name = Frameworks;
			sourceTree = "<group>";
		};
/* End PBXGroup section */

/* Begin PBXHeadersBuildPhase section */
		7B34A093207D066100A1B050 /* Headers */ = {
			isa = PBXHeadersBuildPhase;
			buildActionMask = 2147483647;
			files = (
				7BB2CFA4207D06EB0092DBBD /* FileDataIO.h in Headers */,
				7BB2CFFD207D07840092DBBD /* ReflectServer.h in Headers */,
				7BB2CFAB207D06EB0092DBBD /* FileDescriptorDataIO.h in Headers */,
				7BB2D0BF207D08E60092DBBD /* NotCopyable.h in Headers */,
				7BB2D04A207D07DD0092DBBD /* MessageTransceiverThread.h in Headers */,
				7BB2CFB2207D06EB0092DBBD /* MultiDataIO.h in Headers */,
				7BB2D0AB207D080E0092DBBD /* FilePathInfo.h in Headers */,
				7BB2D005207D07840092DBBD /* StorageReflectConstants.h in Headers */,
				7BB2D092207D080E0092DBBD /* IHostNameResolver.h in Headers */,
				7BB2D090207D080E0092DBBD /* Queue.h in Headers */,
				7BB2D0A1207D080E0092DBBD /* CountedObject.h in Headers */,
				7BB2CFA2207D06EB0092DBBD /* XorProxyDataIO.h in Headers */,
				7BB2CFBB207D06EB0092DBBD /* DataIO.h in Headers */,
				7BB2D0A3207D080E0092DBBD /* NetworkInterfaceInfo.h in Headers */,
				7BB2D04D207D07DD0092DBBD /* SignalMultiplexer.h in Headers */,
				7BB2D047207D07DD0092DBBD /* GlobalMemoryAllocator.h in Headers */,
				7BB2D0C0207D08E60092DBBD /* Flattenable.h in Headers */,
				7BB2D0C2207D08E60092DBBD /* TamperEvidentValue.h in Headers */,
				7BB2CFB8207D06EB0092DBBD /* SimulatedMulticastDataIO.h in Headers */,
				7BB2D09D207D080E0092DBBD /* Hashtable.h in Headers */,
				7BB2CFCE207D07430092DBBD /* RawDataMessageIOGateway.h in Headers */,
				7BB2D028207D07C60092DBBD /* SysLog.h in Headers */,
				7BB2D08D207D080E0092DBBD /* RefCount.h in Headers */,
				7BB2D004207D07840092DBBD /* SignalHandlerSession.h in Headers */,
				7BB2CFD1207D07430092DBBD /* AbstractMessageIOGateway.h in Headers */,
				7BB2D01C207D07A50092DBBD /* SegmentedStringMatcher.h in Headers */,
				7BB2D0C4207D08E60092DBBD /* MuscleSupport.h in Headers */,
				7BB2D053207D07DD0092DBBD /* ThreadPool.h in Headers */,
				7BB2D097207D080E0092DBBD /* Cloneable.h in Headers */,
				7BB2D009207D07840092DBBD /* StorageReflectSession.h in Headers */,
				7BB2CFB9207D06EB0092DBBD /* PacketizedProxyDataIO.h in Headers */,
				7BB2D0C3207D08E60092DBBD /* Rect.h in Headers */,
				7BB2D0C5207D08E60092DBBD /* DoxyTemplate.h in Headers */,
				7BB2CFD5207D07430092DBBD /* MessageIOGateway.h in Headers */,
				7BB2CFBA207D06EB0092DBBD /* TCPSocketDataIO.h in Headers */,
				7BB2D052207D07DD0092DBBD /* ThreadLocalStorage.h in Headers */,
				7BB2D094207D080E0092DBBD /* MiscUtilityFunctions.h in Headers */,
				7BB2D044207D07DD0092DBBD /* AtomicCounter.h in Headers */,
				7BB2D099207D080E0092DBBD /* PulseNode.h in Headers */,
				7BB2CFCF207D07430092DBBD /* PacketTunnelIOGateway.h in Headers */,
				7BB2D093207D080E0092DBBD /* ObjectPool.h in Headers */,
				7BB2D098207D080E0092DBBD /* Directory.h in Headers */,
				7BB2CFD0207D07430092DBBD /* SLIPFramedDataMessageIOGateway.h in Headers */,
				7BB2D021207D07A50092DBBD /* StringMatcher.h in Headers */,
				7BB2D09C207D080E0092DBBD /* ByteBuffer.h in Headers */,
				7BB2D055207D07DD0092DBBD /* SystemInfo.h in Headers */,
				7BB2D01D207D07A50092DBBD /* FilePathExpander.h in Headers */,
				7BB2D027207D07C60092DBBD /* LogCallback.h in Headers */,
				7BB2D0AD207D080E0092DBBD /* PointerAndBool.h in Headers */,
				7BB2D0BE207D08E60092DBBD /* Point.h in Headers */,
				7BB2D086207D080E0092DBBD /* BatchOperator.h in Headers */,
				7BB2D020207D07A50092DBBD /* QueryFilter.h in Headers */,
				7BB2D04F207D07DD0092DBBD /* INetworkConfigChangesTarget.h in Headers */,
				7BB2D008207D07840092DBBD /* AbstractSessionIOPolicy.h in Headers */,
				7BB2CFAE207D06EB0092DBBD /* UDPSocketDataIO.h in Headers */,
				7BB2CFE1207D07700092DBBD /* MessageImpl.h in Headers */,
				7BB2D0B0207D080E0092DBBD /* GenericCallback.h in Headers */,
				7BB2D04C207D07DD0092DBBD /* SetupSystem.h in Headers */,
				7BB2D08F207D080E0092DBBD /* MemoryAllocator.h in Headers */,
				7BB2D087207D080E0092DBBD /* NestCount.h in Headers */,
				7BB2D0A6207D080E0092DBBD /* Socket.h in Headers */,
				7BB2CFE2207D07700092DBBD /* Message.h in Headers */,
				7BB2D006207D07840092DBBD /* RateLimitSessionIOPolicy.h in Headers */,
				7BB2CFBD207D06EB0092DBBD /* NullDataIO.h in Headers */,
				7BB2D089207D080E0092DBBD /* String.h in Headers */,
				7BB2CFD8207D07430092DBBD /* SSLSocketAdapterGateway.h in Headers */,
				7BB2CFB3207D06EB0092DBBD /* RS232DataIO.h in Headers */,
				7BB2D002207D07840092DBBD /* ServerComponent.h in Headers */,
				7BB2D088207D080E0092DBBD /* SharedFilterSessionFactory.h in Headers */,
				7BB2CFB7207D06EB0092DBBD /* PacketDataIO.h in Headers */,
				7BB2D058207D07DD0092DBBD /* AcceptSocketsThread.h in Headers */,
				7BB2D0A7207D080E0092DBBD /* StringTokenizer.h in Headers */,
				7BB2D0BD207D08E60092DBBD /* BitChord.h in Headers */,
				7BB2D018207D07A50092DBBD /* PathMatcher.h in Headers */,
				7BB2D0BC207D08E60092DBBD /* PseudoFlattenable.h in Headers */,
				7BB2CFDB207D07430092DBBD /* SignalMessageIOGateway.h in Headers */,
				7BB2D08A207D080E0092DBBD /* FlatCountable.h in Headers */,
				7BB2D0C1207D08E60092DBBD /* Tuple.h in Headers */,
				7BB2D000207D07840092DBBD /* FilterSessionFactory.h in Headers */,
				7BB2D091207D080E0092DBBD /* DebugTimer.h in Headers */,
				7BB2D0AC207D080E0092DBBD /* DemandConstructedObject.h in Headers */,
				7BB2CFAC207D06EB0092DBBD /* ProxyDataIO.h in Headers */,
				7BB2D09E207D080E0092DBBD /* SocketMultiplexer.h in Headers */,
				7BB2CFD3207D07430092DBBD /* PlainTextMessageIOGateway.h in Headers */,
				7BB2CFAF207D06EB0092DBBD /* AsyncDataIO.h in Headers */,
				7BB2D09B207D080E0092DBBD /* TimeUtilityFunctions.h in Headers */,
				7BB2D043207D07DD0092DBBD /* DetectNetworkConfigChangesSession.h in Headers */,
				7BB2CFB4207D06EB0092DBBD /* SSLSocketDataIO.h in Headers */,
				7BB2CFFF207D07840092DBBD /* DataNode.h in Headers */,
				7BB2D0A8207D080E0092DBBD /* NetworkUtilityFunctions.h in Headers */,
				7BB2CFB6207D06EB0092DBBD /* ChildProcessDataIO.h in Headers */,
				7BB2D096207D080E0092DBBD /* SharedUsageLimitProxyMemoryAllocator.h in Headers */,
				7BB2CFA5207D06EB0092DBBD /* SeekableDataIO.h in Headers */,
				7BB2CFFC207D07840092DBBD /* DumbReflectSession.h in Headers */,
				7BB2CFF9207D07840092DBBD /* AbstractReflectSession.h in Headers */,
				7BB2D050207D07DD0092DBBD /* SharedMemory.h in Headers */,
				7BB2CFA8207D06EB0092DBBD /* StdinDataIO.h in Headers */,
				7BB2D0A2207D080E0092DBBD /* IPAddress.h in Headers */,
				7BB2D046207D07DD0092DBBD /* Mutex.h in Headers */,
				7BB2D0AF207D080E0092DBBD /* CPULoadMeter.h in Headers */,
				7BB2D057207D07DD0092DBBD /* Thread.h in Headers */,
				7BB2CFA9207D06EB0092DBBD /* ByteBufferDataIO.h in Headers */,
			);
			runOnlyForDeploymentPostprocessing = 0;
		};
/* End PBXHeadersBuildPhase section */

/* Begin PBXNativeTarget section */
		7B16C541207D0D630013D9B6 /* admin */ = {
			isa = PBXNativeTarget;
			buildConfigurationList = 7B16C548207D0D630013D9B6 /* Build configuration list for PBXNativeTarget "admin" */;
			buildPhases = (
				7B16C53E207D0D630013D9B6 /* Sources */,
				7B16C53F207D0D630013D9B6 /* Frameworks */,
				7B16C540207D0D630013D9B6 /* CopyFiles */,
			);
			buildRules = (
			);
			dependencies = (
				7B16C54B207D0D9E0013D9B6 /* PBXTargetDependency */,
			);
			name = admin;
			productName = admin;
			productReference = 7B16C542207D0D630013D9B6 /* admin */;
			productType = "com.apple.product-type.tool";
		};
		7B34A094207D066100A1B050 /* muscle */ = {
			isa = PBXNativeTarget;
			buildConfigurationList = 7B34A099207D066100A1B050 /* Build configuration list for PBXNativeTarget "muscle" */;
			buildPhases = (
				7B34A091207D066100A1B050 /* Sources */,
				7B34A092207D066100A1B050 /* Frameworks */,
				7B34A093207D066100A1B050 /* Headers */,
			);
			buildRules = (
			);
			dependencies = (
			);
			name = muscle;
			productName = muscle;
			productReference = 7B34A095207D066100A1B050 /* libmuscle.a */;
			productType = "com.apple.product-type.library.static";
		};
		7BB61ADD207D0AF2009F8936 /* muscled */ = {
			isa = PBXNativeTarget;
			buildConfigurationList = 7BB61AE4207D0AF2009F8936 /* Build configuration list for PBXNativeTarget "muscled" */;
			buildPhases = (
				7BB61ADA207D0AF2009F8936 /* Sources */,
				7BB61ADB207D0AF2009F8936 /* Frameworks */,
				7BB61ADC207D0AF2009F8936 /* CopyFiles */,
			);
			buildRules = (
			);
			dependencies = (
				7BB61AEF207D0C32009F8936 /* PBXTargetDependency */,
			);
			name = muscled;
			productName = server;
			productReference = 7BB61ADE207D0AF2009F8936 /* muscled */;
			productType = "com.apple.product-type.tool";
		};
/* End PBXNativeTarget section */

/* Begin PBXProject section */
		7B34A08D207D066100A1B050 /* Project object */ = {
			isa = PBXProject;
			attributes = {
				LastUpgradeCheck = 0920;
				ORGANIZATIONNAME = "Ruurd Adema";
				TargetAttributes = {
					7B16C541207D0D630013D9B6 = {
						CreatedOnToolsVersion = 9.2;
						ProvisioningStyle = Automatic;
					};
					7B34A094207D066100A1B050 = {
						CreatedOnToolsVersion = 9.2;
						ProvisioningStyle = Automatic;
					};
					7BB61ADD207D0AF2009F8936 = {
						CreatedOnToolsVersion = 9.2;
						ProvisioningStyle = Automatic;
					};
				};
			};
			buildConfigurationList = 7B34A090207D066100A1B050 /* Build configuration list for PBXProject "muscle" */;
			compatibilityVersion = "Xcode 8.0";
			developmentRegion = en;
			hasScannedForEncodings = 0;
			knownRegions = (
				en,
			);
			mainGroup = 7B34A08C207D066100A1B050;
			productRefGroup = 7B34A096207D066100A1B050 /* Products */;
			projectDirPath = "";
			projectRoot = "";
			targets = (
				7B34A094207D066100A1B050 /* muscle */,
				7BB61ADD207D0AF2009F8936 /* muscled */,
				7B16C541207D0D630013D9B6 /* admin */,
			);
		};
/* End PBXProject section */

/* Begin PBXSourcesBuildPhase section */
		7B16C53E207D0D630013D9B6 /* Sources */ = {
			isa = PBXSourcesBuildPhase;
			buildActionMask = 2147483647;
			files = (
				7B16C549207D0D780013D9B6 /* admin.cpp in Sources */,
			);
			runOnlyForDeploymentPostprocessing = 0;
		};
		7B34A091207D066100A1B050 /* Sources */ = {
			isa = PBXSourcesBuildPhase;
			buildActionMask = 2147483647;
			files = (
				7BB2CFB5207D06EB0092DBBD /* AsyncDataIO.cpp in Sources */,
				7BB2D08E207D080E0092DBBD /* CPULoadMeter.cpp in Sources */,
				7BB2D09F207D080E0092DBBD /* MiscUtilityFunctions.cpp in Sources */,
				7BB2D007207D07840092DBBD /* StorageReflectSession.cpp in Sources */,
				7BB2D051207D07DD0092DBBD /* SystemInfo.cpp in Sources */,
				7BB2CFB0207D06EB0092DBBD /* ChildProcessDataIO.cpp in Sources */,
				7BB2D00A207D07840092DBBD /* FilterSessionFactory.cpp in Sources */,
				7BB2D019207D07A50092DBBD /* FilePathExpander.cpp in Sources */,
				7BB2D09A207D080E0092DBBD /* String.cpp in Sources */,
				7BB2D08B207D080E0092DBBD /* FilePathInfo.cpp in Sources */,
				7BB2CFFE207D07840092DBBD /* ServerComponent.cpp in Sources */,
				7BB2D0A4207D080E0092DBBD /* NetworkUtilityFunctions.cpp in Sources */,
				7BB2CFFA207D07840092DBBD /* AbstractReflectSession.cpp in Sources */,
				7BB2CFFB207D07840092DBBD /* DataNode.cpp in Sources */,
				7BB2CFD6207D07430092DBBD /* PlainTextMessageIOGateway.cpp in Sources */,
				7BB2D056207D07DD0092DBBD /* DetectNetworkConfigChangesSession.cpp in Sources */,
				7BB2D01B207D07A50092DBBD /* PathMatcher.cpp in Sources */,
				7BB2D042207D07DD0092DBBD /* ThreadPool.cpp in Sources */,
				7BB2D0A0207D080E0092DBBD /* ByteBuffer.cpp in Sources */,
				7BB2D049207D07DD0092DBBD /* SignalMultiplexer.cpp in Sources */,
				7BB2CFD4207D07430092DBBD /* PacketTunnelIOGateway.cpp in Sources */,
				7BB2CFDC207D07430092DBBD /* MessageIOGateway.cpp in Sources */,
				7BB2D00B207D07840092DBBD /* DumbReflectSession.cpp in Sources */,
				7BB2D00C207D07840092DBBD /* SignalHandlerSession.cpp in Sources */,
				7BB2D01F207D07A50092DBBD /* StringMatcher.cpp in Sources */,
				7BB2CFB1207D06EB0092DBBD /* FileDescriptorDataIO.cpp in Sources */,
				7BB2CFD2207D07430092DBBD /* RawDataMessageIOGateway.cpp in Sources */,
				7BB2D054207D07DD0092DBBD /* AcceptSocketsThread.cpp in Sources */,
				7BB2D0AE207D080E0092DBBD /* SocketMultiplexer.cpp in Sources */,
				7BB2D01E207D07A50092DBBD /* SegmentedStringMatcher.cpp in Sources */,
				7BB2CFBC207D06EB0092DBBD /* PacketizedProxyDataIO.cpp in Sources */,
				7BB2CFD7207D07430092DBBD /* SSLSocketAdapterGateway.cpp in Sources */,
				7BB2D003207D07840092DBBD /* ReflectServer.cpp in Sources */,
				7BB2D08C207D080E0092DBBD /* Directory.cpp in Sources */,
				7BB2D04B207D07DD0092DBBD /* SetupSystem.cpp in Sources */,
				7BB2CFAD207D06EB0092DBBD /* SSLSocketDataIO.cpp in Sources */,
				7BB2D059207D07DD0092DBBD /* MessageTransceiverThread.cpp in Sources */,
				7BB2D048207D07DD0092DBBD /* Thread.cpp in Sources */,
				7BB2CFDA207D07430092DBBD /* SLIPFramedDataMessageIOGateway.cpp in Sources */,
				7BB2D04E207D07DD0092DBBD /* SharedMemory.cpp in Sources */,
				7BB2CFA7207D06EB0092DBBD /* SimulatedMulticastDataIO.cpp in Sources */,
				7BB2D0A5207D080E0092DBBD /* SharedUsageLimitProxyMemoryAllocator.cpp in Sources */,
				7BB2CFE3207D07700092DBBD /* Message.cpp in Sources */,
				7BB2CFA3207D06EB0092DBBD /* StdinDataIO.cpp in Sources */,
				7BB2CFAA207D06EB0092DBBD /* RS232DataIO.cpp in Sources */,
				7BB2D01A207D07A50092DBBD /* QueryFilter.cpp in Sources */,
				7BB2D026207D07C60092DBBD /* SysLog.cpp in Sources */,
				7BB2D0A9207D080E0092DBBD /* MemoryAllocator.cpp in Sources */,
				7BB2D0AA207D080E0092DBBD /* PulseNode.cpp in Sources */,
				7BB2CFD9207D07430092DBBD /* AbstractMessageIOGateway.cpp in Sources */,
				7BB2D095207D080E0092DBBD /* SharedFilterSessionFactory.cpp in Sources */,
				7BB2D001207D07840092DBBD /* RateLimitSessionIOPolicy.cpp in Sources */,
				7BB2CFA6207D06EB0092DBBD /* MultiDataIO.cpp in Sources */,
				7BB2D045207D07DD0092DBBD /* GlobalMemoryAllocator.cpp in Sources */,
			);
			runOnlyForDeploymentPostprocessing = 0;
		};
		7BB61ADA207D0AF2009F8936 /* Sources */ = {
			isa = PBXSourcesBuildPhase;
			buildActionMask = 2147483647;
			files = (
				7BB61AEC207D0B19009F8936 /* muscled.cpp in Sources */,
			);
			runOnlyForDeploymentPostprocessing = 0;
		};
/* End PBXSourcesBuildPhase section */

/* Begin PBXTargetDependency section */
		7B16C54B207D0D9E0013D9B6 /* PBXTargetDependency */ = {
			isa = PBXTargetDependency;
			target = 7B34A094207D066100A1B050 /* muscle */;
			targetProxy = 7B16C54A207D0D9E0013D9B6 /* PBXContainerItemProxy */;
		};
		7BB61AEF207D0C32009F8936 /* PBXTargetDependency */ = {
			isa = PBXTargetDependency;
			target = 7B34A094207D066100A1B050 /* muscle */;
			targetProxy = 7BB61AEE207D0C32009F8936 /* PBXContainerItemProxy */;
		};
/* End PBXTargetDependency section */

/* Begin XCBuildConfiguration section */
		7B16C546207D0D630013D9B6 /* Debug */ = {
			isa = XCBuildConfiguration;
			buildSettings = {
				CODE_SIGN_STYLE = Automatic;
				HEADER_SEARCH_PATHS = ../;
				PRODUCT_NAME = "$(TARGET_NAME)";
			};
			name = Debug;
		};
		7B16C547207D0D630013D9B6 /* Release */ = {
			isa = XCBuildConfiguration;
			buildSettings = {
				CODE_SIGN_STYLE = Automatic;
				HEADER_SEARCH_PATHS = ../;
				PRODUCT_NAME = "$(TARGET_NAME)";
			};
			name = Release;
		};
		7B34A097207D066100A1B050 /* Debug */ = {
			isa = XCBuildConfiguration;
			buildSettings = {
				ALWAYS_SEARCH_USER_PATHS = NO;
				CLANG_ANALYZER_NONNULL = YES;
				CLANG_ANALYZER_NUMBER_OBJECT_CONVERSION = YES_AGGRESSIVE;
				CLANG_CXX_LANGUAGE_STANDARD = "gnu++14";
				CLANG_CXX_LIBRARY = "libc++";
				CLANG_ENABLE_MODULES = YES;
				CLANG_ENABLE_OBJC_ARC = YES;
				CLANG_WARN_BLOCK_CAPTURE_AUTORELEASING = YES;
				CLANG_WARN_BOOL_CONVERSION = YES;
				CLANG_WARN_COMMA = YES;
				CLANG_WARN_CONSTANT_CONVERSION = YES;
				CLANG_WARN_DIRECT_OBJC_ISA_USAGE = YES_ERROR;
				CLANG_WARN_DOCUMENTATION_COMMENTS = YES;
				CLANG_WARN_EMPTY_BODY = YES;
				CLANG_WARN_ENUM_CONVERSION = YES;
				CLANG_WARN_INFINITE_RECURSION = YES;
				CLANG_WARN_INT_CONVERSION = YES;
				CLANG_WARN_NON_LITERAL_NULL_CONVERSION = YES;
				CLANG_WARN_OBJC_LITERAL_CONVERSION = YES;
				CLANG_WARN_OBJC_ROOT_CLASS = YES_ERROR;
				CLANG_WARN_RANGE_LOOP_ANALYSIS = YES;
				CLANG_WARN_STRICT_PROTOTYPES = YES;
				CLANG_WARN_SUSPICIOUS_MOVE = YES;
				CLANG_WARN_UNGUARDED_AVAILABILITY = YES_AGGRESSIVE;
				CLANG_WARN_UNREACHABLE_CODE = YES;
				CLANG_WARN__DUPLICATE_METHOD_MATCH = YES;
				CODE_SIGN_IDENTITY = "-";
				COPY_PHASE_STRIP = NO;
				DEBUG_INFORMATION_FORMAT = dwarf;
				ENABLE_STRICT_OBJC_MSGSEND = YES;
				ENABLE_TESTABILITY = YES;
				GCC_C_LANGUAGE_STANDARD = gnu11;
				GCC_DYNAMIC_NO_PIC = NO;
				GCC_NO_COMMON_BLOCKS = YES;
				GCC_OPTIMIZATION_LEVEL = 0;
				GCC_PREPROCESSOR_DEFINITIONS = (
					"DEBUG=1",
					"$(inherited)",
				);
				GCC_WARN_64_TO_32_BIT_CONVERSION = YES;
				GCC_WARN_ABOUT_RETURN_TYPE = YES_ERROR;
				GCC_WARN_UNDECLARED_SELECTOR = YES;
				GCC_WARN_UNINITIALIZED_AUTOS = YES_AGGRESSIVE;
				GCC_WARN_UNUSED_FUNCTION = YES;
				GCC_WARN_UNUSED_VARIABLE = YES;
				HEADER_SEARCH_PATHS = "";
				LIBRARY_SEARCH_PATHS = "";
				MACOSX_DEPLOYMENT_TARGET = 10.12;
				MTL_ENABLE_DEBUG_INFO = YES;
				ONLY_ACTIVE_ARCH = YES;
				SDKROOT = macosx;
			};
			name = Debug;
		};
		7B34A098207D066100A1B050 /* Release */ = {
			isa = XCBuildConfiguration;
			buildSettings = {
				ALWAYS_SEARCH_USER_PATHS = NO;
				CLANG_ANALYZER_NONNULL = YES;
				CLANG_ANALYZER_NUMBER_OBJECT_CONVERSION = YES_AGGRESSIVE;
				CLANG_CXX_LANGUAGE_STANDARD = "gnu++14";
				CLANG_CXX_LIBRARY = "libc++";
				CLANG_ENABLE_MODULES = YES;
				CLANG_ENABLE_OBJC_ARC = YES;
				CLANG_WARN_BLOCK_CAPTURE_AUTORELEASING = YES;
				CLANG_WARN_BOOL_CONVERSION = YES;
				CLANG_WARN_COMMA = YES;
				CLANG_WARN_CONSTANT_CONVERSION = YES;
				CLANG_WARN_DIRECT_OBJC_ISA_USAGE = YES_ERROR;
				CLANG_WARN_DOCUMENTATION_COMMENTS = YES;
				CLANG_WARN_EMPTY_BODY = YES;
				CLANG_WARN_ENUM_CONVERSION = YES;
				CLANG_WARN_INFINITE_RECURSION = YES;
				CLANG_WARN_INT_CONVERSION = YES;
				CLANG_WARN_NON_LITERAL_NULL_CONVERSION = YES;
				CLANG_WARN_OBJC_LITERAL_CONVERSION = YES;
				CLANG_WARN_OBJC_ROOT_CLASS = YES_ERROR;
				CLANG_WARN_RANGE_LOOP_ANALYSIS = YES;
				CLANG_WARN_STRICT_PROTOTYPES = YES;
				CLANG_WARN_SUSPICIOUS_MOVE = YES;
				CLANG_WARN_UNGUARDED_AVAILABILITY = YES_AGGRESSIVE;
				CLANG_WARN_UNREACHABLE_CODE = YES;
				CLANG_WARN__DUPLICATE_METHOD_MATCH = YES;
				CODE_SIGN_IDENTITY = "-";
				COPY_PHASE_STRIP = NO;
				DEBUG_INFORMATION_FORMAT = "dwarf-with-dsym";
				ENABLE_NS_ASSERTIONS = NO;
				ENABLE_STRICT_OBJC_MSGSEND = YES;
				GCC_C_LANGUAGE_STANDARD = gnu11;
				GCC_NO_COMMON_BLOCKS = YES;
				GCC_WARN_64_TO_32_BIT_CONVERSION = YES;
				GCC_WARN_ABOUT_RETURN_TYPE = YES_ERROR;
				GCC_WARN_UNDECLARED_SELECTOR = YES;
				GCC_WARN_UNINITIALIZED_AUTOS = YES_AGGRESSIVE;
				GCC_WARN_UNUSED_FUNCTION = YES;
				GCC_WARN_UNUSED_VARIABLE = YES;
				HEADER_SEARCH_PATHS = "";
				LIBRARY_SEARCH_PATHS = "";
				MACOSX_DEPLOYMENT_TARGET = 10.12;
				MTL_ENABLE_DEBUG_INFO = NO;
				SDKROOT = macosx;
			};
			name = Release;
		};
		7B34A09A207D066100A1B050 /* Debug */ = {
			isa = XCBuildConfiguration;
			buildSettings = {
				CODE_SIGN_STYLE = Automatic;
				EXECUTABLE_PREFIX = lib;
				HEADER_SEARCH_PATHS = (
					../,
					/usr/local/opt/openssl/include,
				);
				LIBRARY_SEARCH_PATHS = /usr/local/opt/openssl/lib;
				PRODUCT_NAME = "$(TARGET_NAME)";
				USE_HEADERMAP = NO;
			};
			name = Debug;
		};
		7B34A09B207D066100A1B050 /* Release */ = {
			isa = XCBuildConfiguration;
			buildSettings = {
				CODE_SIGN_STYLE = Automatic;
				EXECUTABLE_PREFIX = lib;
				HEADER_SEARCH_PATHS = (
					../,
					/usr/local/opt/openssl/include,
				);
				LIBRARY_SEARCH_PATHS = /usr/local/opt/openssl/lib;
				PRODUCT_NAME = "$(TARGET_NAME)";
				USE_HEADERMAP = NO;
			};
			name = Release;
		};
		7BB61AE2207D0AF2009F8936 /* Debug */ = {
			isa = XCBuildConfiguration;
			buildSettings = {
				CODE_SIGN_STYLE = Automatic;
				HEADER_SEARCH_PATHS = ../;
				LIBRARY_SEARCH_PATHS = "";
				PRODUCT_NAME = "$(TARGET_NAME)";
			};
			name = Debug;
		};
		7BB61AE3207D0AF2009F8936 /* Release */ = {
			isa = XCBuildConfiguration;
			buildSettings = {
				CODE_SIGN_STYLE = Automatic;
				HEADER_SEARCH_PATHS = ../;
				LIBRARY_SEARCH_PATHS = "";
				PRODUCT_NAME = "$(TARGET_NAME)";
			};
			name = Release;
		};
/* End XCBuildConfiguration section */

/* Begin XCConfigurationList section */
		7B16C548207D0D630013D9B6 /* Build configuration list for PBXNativeTarget "admin" */ = {
			isa = XCConfigurationList;
			buildConfigurations = (
				7B16C546207D0D630013D9B6 /* Debug */,
				7B16C547207D0D630013D9B6 /* Release */,
			);
			defaultConfigurationIsVisible = 0;
			defaultConfigurationName = Release;
		};
		7B34A090207D066100A1B050 /* Build configuration list for PBXProject "muscle" */ = {
			isa = XCConfigurationList;
			buildConfigurations = (
				7B34A097207D066100A1B050 /* Debug */,
				7B34A098207D066100A1B050 /* Release */,
			);
			defaultConfigurationIsVisible = 0;
			defaultConfigurationName = Release;
		};
		7B34A099207D066100A1B050 /* Build configuration list for PBXNativeTarget "muscle" */ = {
			isa = XCConfigurationList;
			buildConfigurations = (
				7B34A09A207D066100A1B050 /* Debug */,
				7B34A09B207D066100A1B050 /* Release */,
			);
			defaultConfigurationIsVisible = 0;
			defaultConfigurationName = Release;
		};
		7BB61AE4207D0AF2009F8936 /* Build configuration list for PBXNativeTarget "muscled" */ = {
			isa = XCConfigurationList;
			buildConfigurations = (
				7BB61AE2207D0AF2009F8936 /* Debug */,
				7BB61AE3207D0AF2009F8936 /* Release */,
			);
			defaultConfigurationIsVisible = 0;
			defaultConfigurationName = Release;
		};
/* End XCConfigurationList section */
	};
	rootObject = 7B34A08D207D066100A1B050 /* Project object */;
}
