Microsoft Visual Studio Solution File, Format Version 12.00
# Visual Studio Version 16
VisualStudioVersion = 16.0.29215.179
MinimumVisualStudioVersion = 15.0.25920.0
Project("{8BC9CEB8-8B4A-11D0-8D11-00A0C91BC942}") = "admin", "admin.vcxproj", "{5723BD9A-B23F-4F4F-8D12-C246D8B3D788}"
	ProjectSection(ProjectDependencies) = postProject
		{001C4ECC-76A2-4008-BBCC-BBF252EC93A5} = {001C4ECC-76A2-4008-BBCC-BBF252EC93A5}
	EndProjectSection
EndProject
Project("{8BC9CEB8-8B4A-11D0-8D11-00A0C91BC942}") = "muscle", "muscle.vcxproj", "{001C4ECC-76A2-4008-BBCC-BBF252EC93A5}"
EndProject
Project("{8BC9CEB8-8B4A-11D0-8D11-00A0C91BC942}") = "muscled", "muscled.vcxproj", "{6A82FF6A-1634-45EB-AAB4-6360EA6F19B0}"
	ProjectSection(ProjectDependencies) = postProject
		{001C4ECC-76A2-4008-BBCC-BBF252EC93A5} = {001C4ECC-76A2-4008-BBCC-BBF252EC93A5}
	EndProjectSection
EndProject
Global
	GlobalSection(SolutionConfigurationPlatforms) = preSolution
		Debug|ARM = Debug|ARM
		Debug|ARM64 = Debug|ARM64
		Debug|Win32 = Debug|Win32
		Debug|x64 = Debug|x64
		Release|ARM = Release|ARM
		Release|ARM64 = Release|ARM64
		Release|Win32 = Release|Win32
		Release|x64 = Release|x64
	EndGlobalSection
	GlobalSection(ProjectConfigurationPlatforms) = postSolution
		{5723BD9A-B23F-4F4F-8D12-C246D8B3D788}.Debug|ARM.ActiveCfg = Debug|ARM
		{5723BD9A-B23F-4F4F-8D12-C246D8B3D788}.Debug|ARM.Build.0 = Debug|ARM
		{5723BD9A-B23F-4F4F-8D12-C246D8B3D788}.Debug|ARM64.ActiveCfg = Debug|ARM64
		{5723BD9A-B23F-4F4F-8D12-C246D8B3D788}.Debug|ARM64.Build.0 = Debug|ARM64
		{5723BD9A-B23F-4F4F-8D12-C246D8B3D788}.Debug|Win32.ActiveCfg = Debug|Win32
		{5723BD9A-B23F-4F4F-8D12-C246D8B3D788}.Debug|Win32.Build.0 = Debug|Win32
		{5723BD9A-B23F-4F4F-8D12-C246D8B3D788}.Debug|x64.ActiveCfg = Debug|x64
		{5723BD9A-B23F-4F4F-8D12-C246D8B3D788}.Debug|x64.Build.0 = Debug|x64
		{5723BD9A-B23F-4F4F-8D12-C246D8B3D788}.Release|ARM.ActiveCfg = Release|ARM
		{5723BD9A-B23F-4F4F-8D12-C246D8B3D788}.Release|ARM.Build.0 = Release|ARM
		{5723BD9A-B23F-4F4F-8D12-C246D8B3D788}.Release|ARM64.ActiveCfg = Release|ARM64
		{5723BD9A-B23F-4F4F-8D12-C246D8B3D788}.Release|ARM64.Build.0 = Release|ARM64
		{5723BD9A-B23F-4F4F-8D12-C246D8B3D788}.Release|Win32.ActiveCfg = Release|Win32
		{5723BD9A-B23F-4F4F-8D12-C246D8B3D788}.Release|Win32.Build.0 = Release|Win32
		{5723BD9A-B23F-4F4F-8D12-C246D8B3D788}.Release|x64.ActiveCfg = Release|x64
		{5723BD9A-B23F-4F4F-8D12-C246D8B3D788}.Release|x64.Build.0 = Release|x64
		{001C4ECC-76A2-4008-BBCC-BBF252EC93A5}.Debug|ARM.ActiveCfg = Debug|ARM
		{001C4ECC-76A2-4008-BBCC-BBF252EC93A5}.Debug|ARM.Build.0 = Debug|ARM
		{001C4ECC-76A2-4008-BBCC-BBF252EC93A5}.Debug|ARM64.ActiveCfg = Debug|ARM64
		{001C4ECC-76A2-4008-BBCC-BBF252EC93A5}.Debug|ARM64.Build.0 = Debug|ARM64
		{001C4ECC-76A2-4008-BBCC-BBF252EC93A5}.Debug|Win32.ActiveCfg = Debug|Win32
		{001C4ECC-76A2-4008-BBCC-BBF252EC93A5}.Debug|Win32.Build.0 = Debug|Win32
		{001C4ECC-76A2-4008-BBCC-BBF252EC93A5}.Debug|x64.ActiveCfg = Debug|x64
		{001C4ECC-76A2-4008-BBCC-BBF252EC93A5}.Debug|x64.Build.0 = Debug|x64
		{001C4ECC-76A2-4008-BBCC-BBF252EC93A5}.Release|ARM.ActiveCfg = Release|ARM
		{001C4ECC-76A2-4008-BBCC-BBF252EC93A5}.Release|ARM.Build.0 = Release|ARM
		{001C4ECC-76A2-4008-BBCC-BBF252EC93A5}.Release|ARM64.ActiveCfg = Release|ARM64
		{001C4ECC-76A2-4008-BBCC-BBF252EC93A5}.Release|ARM64.Build.0 = Release|ARM64
		{001C4ECC-76A2-4008-BBCC-BBF252EC93A5}.Release|Win32.ActiveCfg = Release|Win32
		{001C4ECC-76A2-4008-BBCC-BBF252EC93A5}.Release|Win32.Build.0 = Release|Win32
		{001C4ECC-76A2-4008-BBCC-BBF252EC93A5}.Release|x64.ActiveCfg = Release|x64
		{001C4ECC-76A2-4008-BBCC-BBF252EC93A5}.Release|x64.Build.0 = Release|x64
		{6A82FF6A-1634-45EB-AAB4-6360EA6F19B0}.Debug|ARM.ActiveCfg = Debug|ARM
		{6A82FF6A-1634-45EB-AAB4-6360EA6F19B0}.Debug|ARM.Build.0 = Debug|ARM
		{6A82FF6A-1634-45EB-AAB4-6360EA6F19B0}.Debug|ARM64.ActiveCfg = Debug|ARM64
		{6A82FF6A-1634-45EB-AAB4-6360EA6F19B0}.Debug|ARM64.Build.0 = Debug|ARM64
		{6A82FF6A-1634-45EB-AAB4-6360EA6F19B0}.Debug|Win32.ActiveCfg = Debug|Win32
		{6A82FF6A-1634-45EB-AAB4-6360EA6F19B0}.Debug|Win32.Build.0 = Debug|Win32
		{6A82FF6A-1634-45EB-AAB4-6360EA6F19B0}.Debug|x64.ActiveCfg = Debug|x64
		{6A82FF6A-1634-45EB-AAB4-6360EA6F19B0}.Debug|x64.Build.0 = Debug|x64
		{6A82FF6A-1634-45EB-AAB4-6360EA6F19B0}.Release|ARM.ActiveCfg = Release|ARM
		{6A82FF6A-1634-45EB-AAB4-6360EA6F19B0}.Release|ARM.Build.0 = Release|ARM
		{6A82FF6A-1634-45EB-AAB4-6360EA6F19B0}.Release|ARM64.ActiveCfg = Release|ARM64
		{6A82FF6A-1634-45EB-AAB4-6360EA6F19B0}.Release|ARM64.Build.0 = Release|ARM64
		{6A82FF6A-1634-45EB-AAB4-6360EA6F19B0}.Release|Win32.ActiveCfg = Release|Win32
		{6A82FF6A-1634-45EB-AAB4-6360EA6F19B0}.Release|Win32.Build.0 = Release|Win32
		{6A82FF6A-1634-45EB-AAB4-6360EA6F19B0}.Release|x64.ActiveCfg = Release|x64
		{6A82FF6A-1634-45EB-AAB4-6360EA6F19B0}.Release|x64.Build.0 = Release|x64
	EndGlobalSection
	GlobalSection(SolutionProperties) = preSolution
		HideSolutionNode = FALSE
	EndGlobalSection
	GlobalSection(ExtensibilityGlobals) = postSolution
		SolutionGuid = {8EDD665A-7F33-44B7-9562-CBFA55D3B449}
	EndGlobalSection
EndGlobal
